// !$*UTF8*$!
{
	archiveVersion = 1;
	classes = {
	};
	objectVersion = 52;
	objects = {

/* Begin PBXBuildFile section */
		06F34E0EBED5AAE34DF36446 /* Pods_CapstoneTests.framework in Frameworks */ = {isa = PBXBuildFile; fileRef = 65E94D7A2BDF5195341B0F17 /* Pods_CapstoneTests.framework */; };
		45BC67ACBC278BE7865BCC41 /* Pods_Capstone.framework in Frameworks */ = {isa = PBXBuildFile; fileRef = BDD163FC47D21D55BFC1C1D1 /* Pods_Capstone.framework */; };
		521402182493F01900ADF7BE /* ApplicationInfo.swift in Sources */ = {isa = PBXBuildFile; fileRef = 521402172493F01900ADF7BE /* ApplicationInfo.swift */; };
		52F81DBB249260300052532B /* SettingCell.xib in Resources */ = {isa = PBXBuildFile; fileRef = 52F81DBA249260300052532B /* SettingCell.xib */; };
		52F81DBD249260710052532B /* SettingCell.swift in Sources */ = {isa = PBXBuildFile; fileRef = 52F81DBC249260710052532B /* SettingCell.swift */; };
		8809883D24956537006EA9D0 /* UIViewExt.swift in Sources */ = {isa = PBXBuildFile; fileRef = 8809883C24956537006EA9D0 /* UIViewExt.swift */; };

		8828B97124981F0E00151F10 /* ArrayExt.swift in Sources */ = {isa = PBXBuildFile; fileRef = 8828B97024981F0E00151F10 /* ArrayExt.swift */; };

		8838A4D1248E60D400217DA1 /* PersistenceHelper.swift in Sources */ = {isa = PBXBuildFile; fileRef = 8838A4D0248E60D400217DA1 /* PersistenceHelper.swift */; };
		8838A4D3248E60E100217DA1 /* UserDefaults.swift in Sources */ = {isa = PBXBuildFile; fileRef = 8838A4D2248E60E100217DA1 /* UserDefaults.swift */; };
		8838A4DB248E648800217DA1 /* DataPersistence in Frameworks */ = {isa = PBXBuildFile; productRef = 8838A4DA248E648800217DA1 /* DataPersistence */; };
		884E555C248408CF00BA180F /* UserContactCVCell.xib in Resources */ = {isa = PBXBuildFile; fileRef = 884E555B248408CF00BA180F /* UserContactCVCell.xib */; };
		884E555E2484094100BA180F /* UserContactCVCell.swift in Sources */ = {isa = PBXBuildFile; fileRef = 884E555D2484094100BA180F /* UserContactCVCell.swift */; };
		884E55602485542100BA180F /* JobHistoryExpandableCell.swift in Sources */ = {isa = PBXBuildFile; fileRef = 884E555F2485542100BA180F /* JobHistoryExpandableCell.swift */; };
		884E557024873F3700BA180F /* User.swift in Sources */ = {isa = PBXBuildFile; fileRef = 884E556F24873F3700BA180F /* User.swift */; };
		884E5572248805FA00BA180F /* FirstTimeUserExperienceViewControllerXib.xib in Resources */ = {isa = PBXBuildFile; fileRef = 884E5571248805FA00BA180F /* FirstTimeUserExperienceViewControllerXib.xib */; };
		884E55742488061100BA180F /* FirstTimeUserExperienceViewController.swift in Sources */ = {isa = PBXBuildFile; fileRef = 884E55732488061100BA180F /* FirstTimeUserExperienceViewController.swift */; };
		884E557A2488298B00BA180F /* ScreenshotCollectionViewCell.swift in Sources */ = {isa = PBXBuildFile; fileRef = 884E55792488298B00BA180F /* ScreenshotCollectionViewCell.swift */; };
		886B5134248832A6006EF56A /* ScreenshotCollectionViewCellXib.xib in Resources */ = {isa = PBXBuildFile; fileRef = 886B5133248832A6006EF56A /* ScreenshotCollectionViewCellXib.xib */; };
		B7226CF8248DACA900D7F207 /* JobApplicationCell.swift in Sources */ = {isa = PBXBuildFile; fileRef = B7226CF7248DACA900D7F207 /* JobApplicationCell.swift */; };
		B725C23A2476832F000811C5 /* AppDelegate.swift in Sources */ = {isa = PBXBuildFile; fileRef = B725C2392476832F000811C5 /* AppDelegate.swift */; };
		B725C23C2476832F000811C5 /* SceneDelegate.swift in Sources */ = {isa = PBXBuildFile; fileRef = B725C23B2476832F000811C5 /* SceneDelegate.swift */; };
		B725C24324768331000811C5 /* Assets.xcassets in Resources */ = {isa = PBXBuildFile; fileRef = B725C24224768331000811C5 /* Assets.xcassets */; };
		B725C24624768331000811C5 /* LaunchScreen.storyboard in Resources */ = {isa = PBXBuildFile; fileRef = B725C24424768331000811C5 /* LaunchScreen.storyboard */; };
		B7271670248117F600276478 /* AuthenticationSession.swift in Sources */ = {isa = PBXBuildFile; fileRef = B727166F248117F600276478 /* AuthenticationSession.swift */; };
		B7304DAA248817E900490DF1 /* UserJobsDataTests.swift in Sources */ = {isa = PBXBuildFile; fileRef = B7304DA9248817E900490DF1 /* UserJobsDataTests.swift */; };
		B737DF362486A1740052F375 /* AnsweredQuestion.swift in Sources */ = {isa = PBXBuildFile; fileRef = B737DF352486A1740052F375 /* AnsweredQuestion.swift */; };
		B74108C1248E120900EEFBA8 /* ProgressBar.swift in Sources */ = {isa = PBXBuildFile; fileRef = B74108C0248E120900EEFBA8 /* ProgressBar.swift */; };
		B74108C7248EDC8200EEFBA8 /* JobApplicationTests.swift in Sources */ = {isa = PBXBuildFile; fileRef = B74108C6248EDC8200EEFBA8 /* JobApplicationTests.swift */; };
		B78EE8342497DF2D00F7E973 /* GoogleService-Info.plist in Resources */ = {isa = PBXBuildFile; fileRef = B78EE8332497DF2D00F7E973 /* GoogleService-Info.plist */; };
		B78EE8362497EA8B00F7E973 /* NewJobEntryXib.xib in Resources */ = {isa = PBXBuildFile; fileRef = B78EE8352497EA8B00F7E973 /* NewJobEntryXib.xib */; };
		B78EE8382497EAB700F7E973 /* NewJobEntryController.swift in Sources */ = {isa = PBXBuildFile; fileRef = B78EE8372497EAB700F7E973 /* NewJobEntryController.swift */; };
		B7976E1A24777593001AE3B3 /* JobApplication.swift in Sources */ = {isa = PBXBuildFile; fileRef = B7976E1924777593001AE3B3 /* JobApplication.swift */; };
		B7976E22247D4A15001AE3B3 /* CapstoneTests.swift in Sources */ = {isa = PBXBuildFile; fileRef = B7976E21247D4A15001AE3B3 /* CapstoneTests.swift */; };
		B7976E2B247D4AD8001AE3B3 /* DatabaseService.swift in Sources */ = {isa = PBXBuildFile; fileRef = B7976E2A247D4AD8001AE3B3 /* DatabaseService.swift */; };
		B7976E2D247D500B001AE3B3 /* UserJob.swift in Sources */ = {isa = PBXBuildFile; fileRef = B7976E2C247D500B001AE3B3 /* UserJob.swift */; };
		B7976E2F247D50FF001AE3B3 /* StarSituation.swift in Sources */ = {isa = PBXBuildFile; fileRef = B7976E2E247D50FF001AE3B3 /* StarSituation.swift */; };
		B7976E31247D5169001AE3B3 /* InterviewQuestion.swift in Sources */ = {isa = PBXBuildFile; fileRef = B7976E30247D5169001AE3B3 /* InterviewQuestion.swift */; };
		B7976E35247D52A0001AE3B3 /* InterviewData.swift in Sources */ = {isa = PBXBuildFile; fileRef = B7976E34247D52A0001AE3B3 /* InterviewData.swift */; };
		B7976E37247D537A001AE3B3 /* UIViewControllerExt.swift in Sources */ = {isa = PBXBuildFile; fileRef = B7976E36247D537A001AE3B3 /* UIViewControllerExt.swift */; };
		B7976E39247D57F1001AE3B3 /* JobHistoryController.swift in Sources */ = {isa = PBXBuildFile; fileRef = B7976E38247D57F1001AE3B3 /* JobHistoryController.swift */; };
		B7976E3B247D580A001AE3B3 /* JobEntryController.swift in Sources */ = {isa = PBXBuildFile; fileRef = B7976E3A247D580A001AE3B3 /* JobEntryController.swift */; };
		B7976E3D247D582C001AE3B3 /* StarStoryMainController.swift in Sources */ = {isa = PBXBuildFile; fileRef = B7976E3C247D582C001AE3B3 /* StarStoryMainController.swift */; };
		B7976E3F247D77FA001AE3B3 /* StarStoryEntryController.swift in Sources */ = {isa = PBXBuildFile; fileRef = B7976E3E247D77FA001AE3B3 /* StarStoryEntryController.swift */; };
		B7976E41247D7834001AE3B3 /* InterviewQuestionsMainController.swift in Sources */ = {isa = PBXBuildFile; fileRef = B7976E40247D7834001AE3B3 /* InterviewQuestionsMainController.swift */; };
		B7976E43247D8F10001AE3B3 /* InterviewQuestionEntryController.swift in Sources */ = {isa = PBXBuildFile; fileRef = B7976E42247D8F10001AE3B3 /* InterviewQuestionEntryController.swift */; };
		B7976E45247D8F40001AE3B3 /* InterviewAnswerDetailController.swift in Sources */ = {isa = PBXBuildFile; fileRef = B7976E44247D8F40001AE3B3 /* InterviewAnswerDetailController.swift */; };
		B7976E47247D9423001AE3B3 /* ApplicationTrackerController.swift in Sources */ = {isa = PBXBuildFile; fileRef = B7976E46247D9423001AE3B3 /* ApplicationTrackerController.swift */; };
		B7976E49247D9444001AE3B3 /* NewApplicationController.swift in Sources */ = {isa = PBXBuildFile; fileRef = B7976E48247D9444001AE3B3 /* NewApplicationController.swift */; };
		B7976E4B247D9A07001AE3B3 /* ApplicationDetailController.swift in Sources */ = {isa = PBXBuildFile; fileRef = B7976E4A247D9A07001AE3B3 /* ApplicationDetailController.swift */; };
		B7976E4F247E9A3E001AE3B3 /* LoginView.storyboard in Resources */ = {isa = PBXBuildFile; fileRef = B7976E4E247E9A3E001AE3B3 /* LoginView.storyboard */; };
		B7976E51247E9D16001AE3B3 /* MainTabBarController.swift in Sources */ = {isa = PBXBuildFile; fileRef = B7976E50247E9D16001AE3B3 /* MainTabBarController.swift */; };
		B7976E53247EA255001AE3B3 /* SettingsController.swift in Sources */ = {isa = PBXBuildFile; fileRef = B7976E52247EA255001AE3B3 /* SettingsController.swift */; };
		B7976E56247EA2D9001AE3B3 /* EmptyView.swift in Sources */ = {isa = PBXBuildFile; fileRef = B7976E55247EA2D9001AE3B3 /* EmptyView.swift */; };
		B7976E58247EA3E7001AE3B3 /* LoginController.swift in Sources */ = {isa = PBXBuildFile; fileRef = B7976E57247EA3E6001AE3B3 /* LoginController.swift */; };
		B7976E5A247EA404001AE3B3 /* SignUpController.swift in Sources */ = {isa = PBXBuildFile; fileRef = B7976E59247EA404001AE3B3 /* SignUpController.swift */; };
		B7976E5C247EAD84001AE3B3 /* Contact.swift in Sources */ = {isa = PBXBuildFile; fileRef = B7976E5B247EAD84001AE3B3 /* Contact.swift */; };
		B7976E8524805085001AE3B3 /* JobHistoryXib.xib in Resources */ = {isa = PBXBuildFile; fileRef = B7976E8424805085001AE3B3 /* JobHistoryXib.xib */; };
		B7976E87248051D8001AE3B3 /* JobEntryXib.xib in Resources */ = {isa = PBXBuildFile; fileRef = B7976E86248051D8001AE3B3 /* JobEntryXib.xib */; };
		B7976E892480524F001AE3B3 /* StarStoryMainXib.xib in Resources */ = {isa = PBXBuildFile; fileRef = B7976E882480524F001AE3B3 /* StarStoryMainXib.xib */; };
		B7976E9524805C9B001AE3B3 /* StarStoryEntryXib.xib in Resources */ = {isa = PBXBuildFile; fileRef = B7976E9424805C9B001AE3B3 /* StarStoryEntryXib.xib */; };
		B7976E9724805CDA001AE3B3 /* InterviewQuestionsMainXib.xib in Resources */ = {isa = PBXBuildFile; fileRef = B7976E9624805CDA001AE3B3 /* InterviewQuestionsMainXib.xib */; };
		B7976E9924805D02001AE3B3 /* InterviewQuestionEntryXib.xib in Resources */ = {isa = PBXBuildFile; fileRef = B7976E9824805D02001AE3B3 /* InterviewQuestionEntryXib.xib */; };
		B7976E9B24805D2B001AE3B3 /* InterviewAnswerDetailXib.xib in Resources */ = {isa = PBXBuildFile; fileRef = B7976E9A24805D2B001AE3B3 /* InterviewAnswerDetailXib.xib */; };
		B7976E9D24805D91001AE3B3 /* ApplicationTrackerXib.xib in Resources */ = {isa = PBXBuildFile; fileRef = B7976E9C24805D91001AE3B3 /* ApplicationTrackerXib.xib */; };
		B7976E9F24805E21001AE3B3 /* NewApplicationXib.xib in Resources */ = {isa = PBXBuildFile; fileRef = B7976E9E24805E21001AE3B3 /* NewApplicationXib.xib */; };
		B7976EA124805E4F001AE3B3 /* ApplicationDetailXib.xib in Resources */ = {isa = PBXBuildFile; fileRef = B7976EA024805E4F001AE3B3 /* ApplicationDetailXib.xib */; };
		B7976EA324805EA2001AE3B3 /* SettingsXib.xib in Resources */ = {isa = PBXBuildFile; fileRef = B7976EA224805EA2001AE3B3 /* SettingsXib.xib */; };
		B7976EA52480601A001AE3B3 /* UserJobFoldingCellXib.xib in Resources */ = {isa = PBXBuildFile; fileRef = B7976EA42480601A001AE3B3 /* UserJobFoldingCellXib.xib */; };
		B7976EA724806047001AE3B3 /* UserJobBasicCellXib.xib in Resources */ = {isa = PBXBuildFile; fileRef = B7976EA624806047001AE3B3 /* UserJobBasicCellXib.xib */; };
		B7976EA924806085001AE3B3 /* StarSituationCellXib.xib in Resources */ = {isa = PBXBuildFile; fileRef = B7976EA824806085001AE3B3 /* StarSituationCellXib.xib */; };
		B7976EAB2480609F001AE3B3 /* InterviewQuestionCellXib.xib in Resources */ = {isa = PBXBuildFile; fileRef = B7976EAA2480609F001AE3B3 /* InterviewQuestionCellXib.xib */; };
		B7976EAD248060B9001AE3B3 /* JobApplicationCellXib.xib in Resources */ = {isa = PBXBuildFile; fileRef = B7976EAC248060B9001AE3B3 /* JobApplicationCellXib.xib */; };
		B7976EAF2480614E001AE3B3 /* QuestionAnswerDetailCellXib.xib in Resources */ = {isa = PBXBuildFile; fileRef = B7976EAE2480614E001AE3B3 /* QuestionAnswerDetailCellXib.xib */; };
		B79F4B40248F61C1009523EE /* UserDatabaseServices.swift in Sources */ = {isa = PBXBuildFile; fileRef = B79F4B3F248F61C1009523EE /* UserDatabaseServices.swift */; };
		B79F4B42248F6281009523EE /* UserJobsDatabaseServices.swift in Sources */ = {isa = PBXBuildFile; fileRef = B79F4B41248F6281009523EE /* UserJobsDatabaseServices.swift */; };
		B79F4B44248F62F7009523EE /* InterviewQuestionsDatabaseServices.swift in Sources */ = {isa = PBXBuildFile; fileRef = B79F4B43248F62F7009523EE /* InterviewQuestionsDatabaseServices.swift */; };
		B79F4B46248F633E009523EE /* JobApplicationsDatabaseServices.swift in Sources */ = {isa = PBXBuildFile; fileRef = B79F4B45248F633E009523EE /* JobApplicationsDatabaseServices.swift */; };
		B79F4B48248F64AF009523EE /* AnsweredQuestionDatabaseServices.swift in Sources */ = {isa = PBXBuildFile; fileRef = B79F4B47248F64AF009523EE /* AnsweredQuestionDatabaseServices.swift */; };
		B79F4B4A248F6573009523EE /* StarSituationDatabaseServices.swift in Sources */ = {isa = PBXBuildFile; fileRef = B79F4B49248F6573009523EE /* StarSituationDatabaseServices.swift */; };
		B79F4B8324905536009523EE /* HairlineView.swift in Sources */ = {isa = PBXBuildFile; fileRef = B79F4B8224905536009523EE /* HairlineView.swift */; };
		B7A865BE2490D60F00AC456F /* UITextFieldExt.swift in Sources */ = {isa = PBXBuildFile; fileRef = B7A865BD2490D60F00AC456F /* UITextFieldExt.swift */; };
		B7A865C42490EB1300AC456F /* FloatingLabelTextField.swift in Sources */ = {isa = PBXBuildFile; fileRef = B7A865C32490EB1300AC456F /* FloatingLabelTextField.swift */; };
		B7A865D22491C58B00AC456F /* InterviewEntryView.swift in Sources */ = {isa = PBXBuildFile; fileRef = B7A865D12491C58B00AC456F /* InterviewEntryView.swift */; };
		C60BDFCE2481B3C200CD9875 /* JobFoldingView.swift in Sources */ = {isa = PBXBuildFile; fileRef = C60BDFCD2481B3C200CD9875 /* JobFoldingView.swift */; };
		C61E0EB72497C36F00AA7A9E /* GoogleService-Info.plist in Resources */ = {isa = PBXBuildFile; fileRef = C61E0EB62497C36F00AA7A9E /* GoogleService-Info.plist */; };
		C61E0EB92497D6F500AA7A9E /* BookmarkQuestionsDatabaseServices.swift in Sources */ = {isa = PBXBuildFile; fileRef = C61E0EB82497D6F500AA7A9E /* BookmarkQuestionsDatabaseServices.swift */; };
		C6AC379C248592DA00957B61 /* InterviewQuestionCell.swift in Sources */ = {isa = PBXBuildFile; fileRef = C6AC379B248592DA00957B61 /* InterviewQuestionCell.swift */; };
		C6AC379E2485DACC00957B61 /* QuestionAnswerDetailCell.swift in Sources */ = {isa = PBXBuildFile; fileRef = C6AC379D2485DACC00957B61 /* QuestionAnswerDetailCell.swift */; };
		C6AC37A02485EF4200957B61 /* StarSituationCell.swift in Sources */ = {isa = PBXBuildFile; fileRef = C6AC379F2485EF4200957B61 /* StarSituationCell.swift */; };
		C6E214E42488066B0054CC3C /* FilterMenuViewControllerXib.xib in Resources */ = {isa = PBXBuildFile; fileRef = C6E214E32488066B0054CC3C /* FilterMenuViewControllerXib.xib */; };
		C6E214E6248808B10054CC3C /* FilterMenuViewController.swift in Sources */ = {isa = PBXBuildFile; fileRef = C6E214E5248808B10054CC3C /* FilterMenuViewController.swift */; };
		C6E214EA248941E50054CC3C /* InterviewAnswerSuggestionXib.xib in Resources */ = {isa = PBXBuildFile; fileRef = C6E214E9248941E50054CC3C /* InterviewAnswerSuggestionXib.xib */; };
		C6E214EC2489439F0054CC3C /* InterviewAnswerSuggestionViewController.swift in Sources */ = {isa = PBXBuildFile; fileRef = C6E214EB2489439F0054CC3C /* InterviewAnswerSuggestionViewController.swift */; };
/* End PBXBuildFile section */

/* Begin PBXContainerItemProxy section */
		B7976E24247D4A15001AE3B3 /* PBXContainerItemProxy */ = {
			isa = PBXContainerItemProxy;
			containerPortal = B725C22E2476832F000811C5 /* Project object */;
			proxyType = 1;
			remoteGlobalIDString = B725C2352476832F000811C5;
			remoteInfo = Capstone;
		};
/* End PBXContainerItemProxy section */

/* Begin PBXFileReference section */
		0B21D1AA2CAE8320224A17FD /* Pods-Capstone.release.xcconfig */ = {isa = PBXFileReference; includeInIndex = 1; lastKnownFileType = text.xcconfig; name = "Pods-Capstone.release.xcconfig"; path = "Target Support Files/Pods-Capstone/Pods-Capstone.release.xcconfig"; sourceTree = "<group>"; };
		17A1C2FB09C24401FFBC99A4 /* Pods-CapstoneTests.debug.xcconfig */ = {isa = PBXFileReference; includeInIndex = 1; lastKnownFileType = text.xcconfig; name = "Pods-CapstoneTests.debug.xcconfig"; path = "Target Support Files/Pods-CapstoneTests/Pods-CapstoneTests.debug.xcconfig"; sourceTree = "<group>"; };
		44397EE59E4E94E21F72EA4A /* Pods-CapstoneTests.release.xcconfig */ = {isa = PBXFileReference; includeInIndex = 1; lastKnownFileType = text.xcconfig; name = "Pods-CapstoneTests.release.xcconfig"; path = "Target Support Files/Pods-CapstoneTests/Pods-CapstoneTests.release.xcconfig"; sourceTree = "<group>"; };
		521402172493F01900ADF7BE /* ApplicationInfo.swift */ = {isa = PBXFileReference; lastKnownFileType = sourcecode.swift; path = ApplicationInfo.swift; sourceTree = "<group>"; };
		52F81DBA249260300052532B /* SettingCell.xib */ = {isa = PBXFileReference; lastKnownFileType = file.xib; path = SettingCell.xib; sourceTree = "<group>"; };
		52F81DBC249260710052532B /* SettingCell.swift */ = {isa = PBXFileReference; lastKnownFileType = sourcecode.swift; path = SettingCell.swift; sourceTree = "<group>"; };
		65E94D7A2BDF5195341B0F17 /* Pods_CapstoneTests.framework */ = {isa = PBXFileReference; explicitFileType = wrapper.framework; includeInIndex = 0; path = Pods_CapstoneTests.framework; sourceTree = BUILT_PRODUCTS_DIR; };
		8809883C24956537006EA9D0 /* UIViewExt.swift */ = {isa = PBXFileReference; lastKnownFileType = sourcecode.swift; path = UIViewExt.swift; sourceTree = "<group>"; };
		8818AF842497E13700A06281 /* GoogleService-Info.plist */ = {isa = PBXFileReference; lastKnownFileType = text.plist; path = "GoogleService-Info.plist"; sourceTree = SOURCE_ROOT; };
		8828B97024981F0E00151F10 /* ArrayExt.swift */ = {isa = PBXFileReference; lastKnownFileType = sourcecode.swift; path = ArrayExt.swift; sourceTree = "<group>"; };
		8838A4D0248E60D400217DA1 /* PersistenceHelper.swift */ = {isa = PBXFileReference; lastKnownFileType = sourcecode.swift; path = PersistenceHelper.swift; sourceTree = "<group>"; };
		8838A4D2248E60E100217DA1 /* UserDefaults.swift */ = {isa = PBXFileReference; lastKnownFileType = sourcecode.swift; path = UserDefaults.swift; sourceTree = "<group>"; };
		884E555B248408CF00BA180F /* UserContactCVCell.xib */ = {isa = PBXFileReference; lastKnownFileType = file.xib; path = UserContactCVCell.xib; sourceTree = "<group>"; };
		884E555D2484094100BA180F /* UserContactCVCell.swift */ = {isa = PBXFileReference; lastKnownFileType = sourcecode.swift; path = UserContactCVCell.swift; sourceTree = "<group>"; };
		884E555F2485542100BA180F /* JobHistoryExpandableCell.swift */ = {isa = PBXFileReference; lastKnownFileType = sourcecode.swift; path = JobHistoryExpandableCell.swift; sourceTree = "<group>"; };
		884E556F24873F3700BA180F /* User.swift */ = {isa = PBXFileReference; lastKnownFileType = sourcecode.swift; path = User.swift; sourceTree = "<group>"; };
		884E5571248805FA00BA180F /* FirstTimeUserExperienceViewControllerXib.xib */ = {isa = PBXFileReference; lastKnownFileType = file.xib; path = FirstTimeUserExperienceViewControllerXib.xib; sourceTree = "<group>"; };
		884E55732488061100BA180F /* FirstTimeUserExperienceViewController.swift */ = {isa = PBXFileReference; lastKnownFileType = sourcecode.swift; path = FirstTimeUserExperienceViewController.swift; sourceTree = "<group>"; };
		884E55792488298B00BA180F /* ScreenshotCollectionViewCell.swift */ = {isa = PBXFileReference; lastKnownFileType = sourcecode.swift; path = ScreenshotCollectionViewCell.swift; sourceTree = "<group>"; };
		886B5133248832A6006EF56A /* ScreenshotCollectionViewCellXib.xib */ = {isa = PBXFileReference; lastKnownFileType = file.xib; path = ScreenshotCollectionViewCellXib.xib; sourceTree = "<group>"; };
		B7226CF7248DACA900D7F207 /* JobApplicationCell.swift */ = {isa = PBXFileReference; lastKnownFileType = sourcecode.swift; path = JobApplicationCell.swift; sourceTree = "<group>"; };
		B725C2362476832F000811C5 /* Capstone.app */ = {isa = PBXFileReference; explicitFileType = wrapper.application; includeInIndex = 0; path = Capstone.app; sourceTree = BUILT_PRODUCTS_DIR; };
		B725C2392476832F000811C5 /* AppDelegate.swift */ = {isa = PBXFileReference; lastKnownFileType = sourcecode.swift; path = AppDelegate.swift; sourceTree = "<group>"; };
		B725C23B2476832F000811C5 /* SceneDelegate.swift */ = {isa = PBXFileReference; lastKnownFileType = sourcecode.swift; path = SceneDelegate.swift; sourceTree = "<group>"; };
		B725C24224768331000811C5 /* Assets.xcassets */ = {isa = PBXFileReference; lastKnownFileType = folder.assetcatalog; path = Assets.xcassets; sourceTree = "<group>"; };
		B725C24524768331000811C5 /* Base */ = {isa = PBXFileReference; lastKnownFileType = file.storyboard; name = Base; path = Base.lproj/LaunchScreen.storyboard; sourceTree = "<group>"; };
		B725C24724768331000811C5 /* Info.plist */ = {isa = PBXFileReference; lastKnownFileType = text.plist.xml; path = Info.plist; sourceTree = "<group>"; };
		B727166F248117F600276478 /* AuthenticationSession.swift */ = {isa = PBXFileReference; lastKnownFileType = sourcecode.swift; path = AuthenticationSession.swift; sourceTree = "<group>"; };
		B7304DA9248817E900490DF1 /* UserJobsDataTests.swift */ = {isa = PBXFileReference; lastKnownFileType = sourcecode.swift; path = UserJobsDataTests.swift; sourceTree = "<group>"; };
		B737DF352486A1740052F375 /* AnsweredQuestion.swift */ = {isa = PBXFileReference; fileEncoding = 4; lastKnownFileType = sourcecode.swift; path = AnsweredQuestion.swift; sourceTree = "<group>"; };
		B74108C0248E120900EEFBA8 /* ProgressBar.swift */ = {isa = PBXFileReference; lastKnownFileType = sourcecode.swift; path = ProgressBar.swift; sourceTree = "<group>"; };
		B74108C6248EDC8200EEFBA8 /* JobApplicationTests.swift */ = {isa = PBXFileReference; lastKnownFileType = sourcecode.swift; path = JobApplicationTests.swift; sourceTree = "<group>"; };
		B78EE8332497DF2D00F7E973 /* GoogleService-Info.plist */ = {isa = PBXFileReference; fileEncoding = 4; lastKnownFileType = text.plist.xml; name = "GoogleService-Info.plist"; path = "../../../../Desktop/GoogleService-Info.plist"; sourceTree = "<group>"; };
		B78EE8352497EA8B00F7E973 /* NewJobEntryXib.xib */ = {isa = PBXFileReference; lastKnownFileType = file.xib; path = NewJobEntryXib.xib; sourceTree = "<group>"; };
		B78EE8372497EAB700F7E973 /* NewJobEntryController.swift */ = {isa = PBXFileReference; lastKnownFileType = sourcecode.swift; path = NewJobEntryController.swift; sourceTree = "<group>"; };
		B7976E1924777593001AE3B3 /* JobApplication.swift */ = {isa = PBXFileReference; lastKnownFileType = sourcecode.swift; path = JobApplication.swift; sourceTree = "<group>"; };
		B7976E1F247D4A15001AE3B3 /* CapstoneTests.xctest */ = {isa = PBXFileReference; explicitFileType = wrapper.cfbundle; includeInIndex = 0; path = CapstoneTests.xctest; sourceTree = BUILT_PRODUCTS_DIR; };
		B7976E21247D4A15001AE3B3 /* CapstoneTests.swift */ = {isa = PBXFileReference; lastKnownFileType = sourcecode.swift; path = CapstoneTests.swift; sourceTree = "<group>"; };
		B7976E23247D4A15001AE3B3 /* Info.plist */ = {isa = PBXFileReference; lastKnownFileType = text.plist.xml; path = Info.plist; sourceTree = "<group>"; };
		B7976E2A247D4AD8001AE3B3 /* DatabaseService.swift */ = {isa = PBXFileReference; lastKnownFileType = sourcecode.swift; path = DatabaseService.swift; sourceTree = "<group>"; };
		B7976E2C247D500B001AE3B3 /* UserJob.swift */ = {isa = PBXFileReference; lastKnownFileType = sourcecode.swift; path = UserJob.swift; sourceTree = "<group>"; };
		B7976E2E247D50FF001AE3B3 /* StarSituation.swift */ = {isa = PBXFileReference; lastKnownFileType = sourcecode.swift; path = StarSituation.swift; sourceTree = "<group>"; };
		B7976E30247D5169001AE3B3 /* InterviewQuestion.swift */ = {isa = PBXFileReference; lastKnownFileType = sourcecode.swift; path = InterviewQuestion.swift; sourceTree = "<group>"; };
		B7976E34247D52A0001AE3B3 /* InterviewData.swift */ = {isa = PBXFileReference; lastKnownFileType = sourcecode.swift; path = InterviewData.swift; sourceTree = "<group>"; };
		B7976E36247D537A001AE3B3 /* UIViewControllerExt.swift */ = {isa = PBXFileReference; lastKnownFileType = sourcecode.swift; path = UIViewControllerExt.swift; sourceTree = "<group>"; };
		B7976E38247D57F1001AE3B3 /* JobHistoryController.swift */ = {isa = PBXFileReference; lastKnownFileType = sourcecode.swift; path = JobHistoryController.swift; sourceTree = "<group>"; };
		B7976E3A247D580A001AE3B3 /* JobEntryController.swift */ = {isa = PBXFileReference; lastKnownFileType = sourcecode.swift; path = JobEntryController.swift; sourceTree = "<group>"; };
		B7976E3C247D582C001AE3B3 /* StarStoryMainController.swift */ = {isa = PBXFileReference; lastKnownFileType = sourcecode.swift; path = StarStoryMainController.swift; sourceTree = "<group>"; };
		B7976E3E247D77FA001AE3B3 /* StarStoryEntryController.swift */ = {isa = PBXFileReference; lastKnownFileType = sourcecode.swift; path = StarStoryEntryController.swift; sourceTree = "<group>"; };
		B7976E40247D7834001AE3B3 /* InterviewQuestionsMainController.swift */ = {isa = PBXFileReference; lastKnownFileType = sourcecode.swift; path = InterviewQuestionsMainController.swift; sourceTree = "<group>"; };
		B7976E42247D8F10001AE3B3 /* InterviewQuestionEntryController.swift */ = {isa = PBXFileReference; lastKnownFileType = sourcecode.swift; path = InterviewQuestionEntryController.swift; sourceTree = "<group>"; };
		B7976E44247D8F40001AE3B3 /* InterviewAnswerDetailController.swift */ = {isa = PBXFileReference; lastKnownFileType = sourcecode.swift; path = InterviewAnswerDetailController.swift; sourceTree = "<group>"; };
		B7976E46247D9423001AE3B3 /* ApplicationTrackerController.swift */ = {isa = PBXFileReference; lastKnownFileType = sourcecode.swift; path = ApplicationTrackerController.swift; sourceTree = "<group>"; };
		B7976E48247D9444001AE3B3 /* NewApplicationController.swift */ = {isa = PBXFileReference; lastKnownFileType = sourcecode.swift; path = NewApplicationController.swift; sourceTree = "<group>"; };
		B7976E4A247D9A07001AE3B3 /* ApplicationDetailController.swift */ = {isa = PBXFileReference; lastKnownFileType = sourcecode.swift; path = ApplicationDetailController.swift; sourceTree = "<group>"; };
		B7976E4E247E9A3E001AE3B3 /* LoginView.storyboard */ = {isa = PBXFileReference; lastKnownFileType = file.storyboard; path = LoginView.storyboard; sourceTree = "<group>"; };
		B7976E50247E9D16001AE3B3 /* MainTabBarController.swift */ = {isa = PBXFileReference; lastKnownFileType = sourcecode.swift; path = MainTabBarController.swift; sourceTree = "<group>"; };
		B7976E52247EA255001AE3B3 /* SettingsController.swift */ = {isa = PBXFileReference; lastKnownFileType = sourcecode.swift; path = SettingsController.swift; sourceTree = "<group>"; };
		B7976E55247EA2D9001AE3B3 /* EmptyView.swift */ = {isa = PBXFileReference; lastKnownFileType = sourcecode.swift; path = EmptyView.swift; sourceTree = "<group>"; };
		B7976E57247EA3E6001AE3B3 /* LoginController.swift */ = {isa = PBXFileReference; lastKnownFileType = sourcecode.swift; path = LoginController.swift; sourceTree = "<group>"; };
		B7976E59247EA404001AE3B3 /* SignUpController.swift */ = {isa = PBXFileReference; lastKnownFileType = sourcecode.swift; path = SignUpController.swift; sourceTree = "<group>"; };
		B7976E5B247EAD84001AE3B3 /* Contact.swift */ = {isa = PBXFileReference; lastKnownFileType = sourcecode.swift; path = Contact.swift; sourceTree = "<group>"; };
		B7976E8424805085001AE3B3 /* JobHistoryXib.xib */ = {isa = PBXFileReference; lastKnownFileType = file.xib; path = JobHistoryXib.xib; sourceTree = "<group>"; };
		B7976E86248051D8001AE3B3 /* JobEntryXib.xib */ = {isa = PBXFileReference; lastKnownFileType = file.xib; path = JobEntryXib.xib; sourceTree = "<group>"; };
		B7976E882480524F001AE3B3 /* StarStoryMainXib.xib */ = {isa = PBXFileReference; lastKnownFileType = file.xib; path = StarStoryMainXib.xib; sourceTree = "<group>"; };
		B7976E9424805C9B001AE3B3 /* StarStoryEntryXib.xib */ = {isa = PBXFileReference; lastKnownFileType = file.xib; path = StarStoryEntryXib.xib; sourceTree = "<group>"; };
		B7976E9624805CDA001AE3B3 /* InterviewQuestionsMainXib.xib */ = {isa = PBXFileReference; lastKnownFileType = file.xib; path = InterviewQuestionsMainXib.xib; sourceTree = "<group>"; };
		B7976E9824805D02001AE3B3 /* InterviewQuestionEntryXib.xib */ = {isa = PBXFileReference; lastKnownFileType = file.xib; path = InterviewQuestionEntryXib.xib; sourceTree = "<group>"; };
		B7976E9A24805D2B001AE3B3 /* InterviewAnswerDetailXib.xib */ = {isa = PBXFileReference; lastKnownFileType = file.xib; path = InterviewAnswerDetailXib.xib; sourceTree = "<group>"; };
		B7976E9C24805D91001AE3B3 /* ApplicationTrackerXib.xib */ = {isa = PBXFileReference; lastKnownFileType = file.xib; path = ApplicationTrackerXib.xib; sourceTree = "<group>"; };
		B7976E9E24805E21001AE3B3 /* NewApplicationXib.xib */ = {isa = PBXFileReference; lastKnownFileType = file.xib; path = NewApplicationXib.xib; sourceTree = "<group>"; };
		B7976EA024805E4F001AE3B3 /* ApplicationDetailXib.xib */ = {isa = PBXFileReference; lastKnownFileType = file.xib; path = ApplicationDetailXib.xib; sourceTree = "<group>"; };
		B7976EA224805EA2001AE3B3 /* SettingsXib.xib */ = {isa = PBXFileReference; lastKnownFileType = file.xib; path = SettingsXib.xib; sourceTree = "<group>"; };
		B7976EA42480601A001AE3B3 /* UserJobFoldingCellXib.xib */ = {isa = PBXFileReference; lastKnownFileType = file.xib; path = UserJobFoldingCellXib.xib; sourceTree = "<group>"; };
		B7976EA624806047001AE3B3 /* UserJobBasicCellXib.xib */ = {isa = PBXFileReference; lastKnownFileType = file.xib; path = UserJobBasicCellXib.xib; sourceTree = "<group>"; };
		B7976EA824806085001AE3B3 /* StarSituationCellXib.xib */ = {isa = PBXFileReference; lastKnownFileType = file.xib; path = StarSituationCellXib.xib; sourceTree = "<group>"; };
		B7976EAA2480609F001AE3B3 /* InterviewQuestionCellXib.xib */ = {isa = PBXFileReference; lastKnownFileType = file.xib; path = InterviewQuestionCellXib.xib; sourceTree = "<group>"; };
		B7976EAC248060B9001AE3B3 /* JobApplicationCellXib.xib */ = {isa = PBXFileReference; lastKnownFileType = file.xib; path = JobApplicationCellXib.xib; sourceTree = "<group>"; };
		B7976EAE2480614E001AE3B3 /* QuestionAnswerDetailCellXib.xib */ = {isa = PBXFileReference; lastKnownFileType = file.xib; path = QuestionAnswerDetailCellXib.xib; sourceTree = "<group>"; };
		B79F4B3F248F61C1009523EE /* UserDatabaseServices.swift */ = {isa = PBXFileReference; lastKnownFileType = sourcecode.swift; path = UserDatabaseServices.swift; sourceTree = "<group>"; };
		B79F4B41248F6281009523EE /* UserJobsDatabaseServices.swift */ = {isa = PBXFileReference; lastKnownFileType = sourcecode.swift; path = UserJobsDatabaseServices.swift; sourceTree = "<group>"; };
		B79F4B43248F62F7009523EE /* InterviewQuestionsDatabaseServices.swift */ = {isa = PBXFileReference; lastKnownFileType = sourcecode.swift; path = InterviewQuestionsDatabaseServices.swift; sourceTree = "<group>"; };
		B79F4B45248F633E009523EE /* JobApplicationsDatabaseServices.swift */ = {isa = PBXFileReference; lastKnownFileType = sourcecode.swift; path = JobApplicationsDatabaseServices.swift; sourceTree = "<group>"; };
		B79F4B47248F64AF009523EE /* AnsweredQuestionDatabaseServices.swift */ = {isa = PBXFileReference; lastKnownFileType = sourcecode.swift; path = AnsweredQuestionDatabaseServices.swift; sourceTree = "<group>"; };
		B79F4B49248F6573009523EE /* StarSituationDatabaseServices.swift */ = {isa = PBXFileReference; lastKnownFileType = sourcecode.swift; path = StarSituationDatabaseServices.swift; sourceTree = "<group>"; };
		B79F4B8224905536009523EE /* HairlineView.swift */ = {isa = PBXFileReference; lastKnownFileType = sourcecode.swift; path = HairlineView.swift; sourceTree = "<group>"; };
		B7A865BD2490D60F00AC456F /* UITextFieldExt.swift */ = {isa = PBXFileReference; lastKnownFileType = sourcecode.swift; path = UITextFieldExt.swift; sourceTree = "<group>"; };
		B7A865C32490EB1300AC456F /* FloatingLabelTextField.swift */ = {isa = PBXFileReference; lastKnownFileType = sourcecode.swift; path = FloatingLabelTextField.swift; sourceTree = "<group>"; };
		B7A865D12491C58B00AC456F /* InterviewEntryView.swift */ = {isa = PBXFileReference; lastKnownFileType = sourcecode.swift; path = InterviewEntryView.swift; sourceTree = "<group>"; };
		BDD163FC47D21D55BFC1C1D1 /* Pods_Capstone.framework */ = {isa = PBXFileReference; explicitFileType = wrapper.framework; includeInIndex = 0; path = Pods_Capstone.framework; sourceTree = BUILT_PRODUCTS_DIR; };
		C60BDFCD2481B3C200CD9875 /* JobFoldingView.swift */ = {isa = PBXFileReference; lastKnownFileType = sourcecode.swift; path = JobFoldingView.swift; sourceTree = "<group>"; };
		C61E0EB62497C36F00AA7A9E /* GoogleService-Info.plist */ = {isa = PBXFileReference; lastKnownFileType = text.plist; path = "GoogleService-Info.plist"; sourceTree = SOURCE_ROOT; };
		C61E0EB82497D6F500AA7A9E /* BookmarkQuestionsDatabaseServices.swift */ = {isa = PBXFileReference; lastKnownFileType = sourcecode.swift; path = BookmarkQuestionsDatabaseServices.swift; sourceTree = "<group>"; };
		C6AC379B248592DA00957B61 /* InterviewQuestionCell.swift */ = {isa = PBXFileReference; lastKnownFileType = sourcecode.swift; path = InterviewQuestionCell.swift; sourceTree = "<group>"; };
		C6AC379D2485DACC00957B61 /* QuestionAnswerDetailCell.swift */ = {isa = PBXFileReference; lastKnownFileType = sourcecode.swift; path = QuestionAnswerDetailCell.swift; sourceTree = "<group>"; };
		C6AC379F2485EF4200957B61 /* StarSituationCell.swift */ = {isa = PBXFileReference; lastKnownFileType = sourcecode.swift; path = StarSituationCell.swift; sourceTree = "<group>"; };
		C6E214E32488066B0054CC3C /* FilterMenuViewControllerXib.xib */ = {isa = PBXFileReference; lastKnownFileType = file.xib; path = FilterMenuViewControllerXib.xib; sourceTree = "<group>"; };
		C6E214E5248808B10054CC3C /* FilterMenuViewController.swift */ = {isa = PBXFileReference; lastKnownFileType = sourcecode.swift; path = FilterMenuViewController.swift; sourceTree = "<group>"; };
		C6E214E9248941E50054CC3C /* InterviewAnswerSuggestionXib.xib */ = {isa = PBXFileReference; lastKnownFileType = file.xib; path = InterviewAnswerSuggestionXib.xib; sourceTree = "<group>"; };
		C6E214EB2489439F0054CC3C /* InterviewAnswerSuggestionViewController.swift */ = {isa = PBXFileReference; lastKnownFileType = sourcecode.swift; path = InterviewAnswerSuggestionViewController.swift; sourceTree = "<group>"; };
		C7037A2A4316CFAC5ABB84AD /* Pods-Capstone.debug.xcconfig */ = {isa = PBXFileReference; includeInIndex = 1; lastKnownFileType = text.xcconfig; name = "Pods-Capstone.debug.xcconfig"; path = "Target Support Files/Pods-Capstone/Pods-Capstone.debug.xcconfig"; sourceTree = "<group>"; };
/* End PBXFileReference section */

/* Begin PBXFrameworksBuildPhase section */
		B725C2332476832F000811C5 /* Frameworks */ = {
			isa = PBXFrameworksBuildPhase;
			buildActionMask = 2147483647;
			files = (
				8838A4DB248E648800217DA1 /* DataPersistence in Frameworks */,
				45BC67ACBC278BE7865BCC41 /* Pods_Capstone.framework in Frameworks */,
			);
			runOnlyForDeploymentPostprocessing = 0;
		};
		B7976E1C247D4A15001AE3B3 /* Frameworks */ = {
			isa = PBXFrameworksBuildPhase;
			buildActionMask = 2147483647;
			files = (
				06F34E0EBED5AAE34DF36446 /* Pods_CapstoneTests.framework in Frameworks */,
			);
			runOnlyForDeploymentPostprocessing = 0;
		};
/* End PBXFrameworksBuildPhase section */

/* Begin PBXGroup section */
		4249468C7066E63C865B619C /* Frameworks */ = {
			isa = PBXGroup;
			children = (
				BDD163FC47D21D55BFC1C1D1 /* Pods_Capstone.framework */,
				65E94D7A2BDF5195341B0F17 /* Pods_CapstoneTests.framework */,
			);
			name = Frameworks;
			sourceTree = "<group>";
		};
		5956DD7DDBAFC9F24FDEE2CA /* Pods */ = {
			isa = PBXGroup;
			children = (
				C7037A2A4316CFAC5ABB84AD /* Pods-Capstone.debug.xcconfig */,
				0B21D1AA2CAE8320224A17FD /* Pods-Capstone.release.xcconfig */,
				17A1C2FB09C24401FFBC99A4 /* Pods-CapstoneTests.debug.xcconfig */,
				44397EE59E4E94E21F72EA4A /* Pods-CapstoneTests.release.xcconfig */,
			);
			path = Pods;
			sourceTree = "<group>";
		};
		8838A4D4248E615200217DA1 /* Persistence */ = {
			isa = PBXGroup;
			children = (
				8838A4D0248E60D400217DA1 /* PersistenceHelper.swift */,
				8838A4D2248E60E100217DA1 /* UserDefaults.swift */,
			);
			path = Persistence;
			sourceTree = "<group>";
		};
		8877E08F24943274006FC043 /* Recovered References */ = {
			isa = PBXGroup;
			children = (
			);
			name = "Recovered References";
			sourceTree = "<group>";
		};
		B725C22D2476832F000811C5 = {
			isa = PBXGroup;
			children = (
				B725C2382476832F000811C5 /* Capstone */,
				B7976E20247D4A15001AE3B3 /* CapstoneTests */,
				B725C2372476832F000811C5 /* Products */,
				5956DD7DDBAFC9F24FDEE2CA /* Pods */,
				4249468C7066E63C865B619C /* Frameworks */,
				8877E08F24943274006FC043 /* Recovered References */,
				B7A865D92494372F00AC456F /* Recovered References */,
			);
			sourceTree = "<group>";
		};
		B725C2372476832F000811C5 /* Products */ = {
			isa = PBXGroup;
			children = (
				B725C2362476832F000811C5 /* Capstone.app */,
				B7976E1F247D4A15001AE3B3 /* CapstoneTests.xctest */,
			);
			name = Products;
			sourceTree = "<group>";
		};
		B725C2382476832F000811C5 /* Capstone */ = {
			isa = PBXGroup;
			children = (
				B7976E29247D4AB1001AE3B3 /* Firebase-Services */,
				B7976E112476885F001AE3B3 /* Storyboards */,
				B7976E102476881E001AE3B3 /* Extensions */,
				B7976E0F24768817001AE3B3 /* Models */,
				B7976E54247EA2C1001AE3B3 /* Views */,
				B7976E832480504C001AE3B3 /* Xibs */,
				B7976E0C247687FB001AE3B3 /* Controllers */,
				B7976E0D24768806001AE3B3 /* Supporting */,

				B725C24724768331000811C5 /* Info.plist */,

			);
			path = Capstone;
			sourceTree = "<group>";
		};
		B7976E0C247687FB001AE3B3 /* Controllers */ = {
			isa = PBXGroup;
			children = (
				B7976E50247E9D16001AE3B3 /* MainTabBarController.swift */,
				B7976E57247EA3E6001AE3B3 /* LoginController.swift */,
				B7976E59247EA404001AE3B3 /* SignUpController.swift */,
				B7976E38247D57F1001AE3B3 /* JobHistoryController.swift */,
				B7976E3A247D580A001AE3B3 /* JobEntryController.swift */,
				B78EE8372497EAB700F7E973 /* NewJobEntryController.swift */,
				B7976E3C247D582C001AE3B3 /* StarStoryMainController.swift */,
				B7976E3E247D77FA001AE3B3 /* StarStoryEntryController.swift */,
				B7976E40247D7834001AE3B3 /* InterviewQuestionsMainController.swift */,
				B7976E42247D8F10001AE3B3 /* InterviewQuestionEntryController.swift */,
				B7976E44247D8F40001AE3B3 /* InterviewAnswerDetailController.swift */,
				C6E214EB2489439F0054CC3C /* InterviewAnswerSuggestionViewController.swift */,
				B7976E46247D9423001AE3B3 /* ApplicationTrackerController.swift */,
				B7976E48247D9444001AE3B3 /* NewApplicationController.swift */,
				B7976E4A247D9A07001AE3B3 /* ApplicationDetailController.swift */,
				B7976E52247EA255001AE3B3 /* SettingsController.swift */,
				884E55732488061100BA180F /* FirstTimeUserExperienceViewController.swift */,
			);
			path = Controllers;
			sourceTree = "<group>";
		};
		B7976E0D24768806001AE3B3 /* Supporting */ = {
			isa = PBXGroup;
			children = (
				B725C2392476832F000811C5 /* AppDelegate.swift */,
				B725C23B2476832F000811C5 /* SceneDelegate.swift */,
				B725C24224768331000811C5 /* Assets.xcassets */,
				8838A4D4248E615200217DA1 /* Persistence */,
			);
			path = Supporting;
			sourceTree = "<group>";
		};
		B7976E0F24768817001AE3B3 /* Models */ = {
			isa = PBXGroup;
			children = (
				B7976E1924777593001AE3B3 /* JobApplication.swift */,
				B7976E2C247D500B001AE3B3 /* UserJob.swift */,
				B7976E2E247D50FF001AE3B3 /* StarSituation.swift */,
				B7976E30247D5169001AE3B3 /* InterviewQuestion.swift */,
				B7976E34247D52A0001AE3B3 /* InterviewData.swift */,
				B7976E5B247EAD84001AE3B3 /* Contact.swift */,
				B737DF352486A1740052F375 /* AnsweredQuestion.swift */,
				884E556F24873F3700BA180F /* User.swift */,
			);
			path = Models;
			sourceTree = "<group>";
		};
		B7976E102476881E001AE3B3 /* Extensions */ = {
			isa = PBXGroup;
			children = (
				B7976E36247D537A001AE3B3 /* UIViewControllerExt.swift */,
				B7A865BD2490D60F00AC456F /* UITextFieldExt.swift */,
				8809883C24956537006EA9D0 /* UIViewExt.swift */,
				521402172493F01900ADF7BE /* ApplicationInfo.swift */,

				8828B97024981F0E00151F10 /* ArrayExt.swift */,

			);
			path = Extensions;
			sourceTree = "<group>";
		};
		B7976E112476885F001AE3B3 /* Storyboards */ = {
			isa = PBXGroup;
			children = (
				B725C24424768331000811C5 /* LaunchScreen.storyboard */,
				B7976E4E247E9A3E001AE3B3 /* LoginView.storyboard */,
			);
			path = Storyboards;
			sourceTree = "<group>";
		};
		B7976E20247D4A15001AE3B3 /* CapstoneTests */ = {
			isa = PBXGroup;
			children = (
				B7976E21247D4A15001AE3B3 /* CapstoneTests.swift */,
				B7304DA9248817E900490DF1 /* UserJobsDataTests.swift */,
				B74108C6248EDC8200EEFBA8 /* JobApplicationTests.swift */,
				B7976E23247D4A15001AE3B3 /* Info.plist */,
			);
			path = CapstoneTests;
			sourceTree = "<group>";
		};
		B7976E29247D4AB1001AE3B3 /* Firebase-Services */ = {
			isa = PBXGroup;
			children = (
				B7976E2A247D4AD8001AE3B3 /* DatabaseService.swift */,
				B79F4B3F248F61C1009523EE /* UserDatabaseServices.swift */,
				B79F4B41248F6281009523EE /* UserJobsDatabaseServices.swift */,
				B79F4B43248F62F7009523EE /* InterviewQuestionsDatabaseServices.swift */,
				B79F4B45248F633E009523EE /* JobApplicationsDatabaseServices.swift */,
				B79F4B47248F64AF009523EE /* AnsweredQuestionDatabaseServices.swift */,
				B79F4B49248F6573009523EE /* StarSituationDatabaseServices.swift */,
				C61E0EB82497D6F500AA7A9E /* BookmarkQuestionsDatabaseServices.swift */,
				B727166F248117F600276478 /* AuthenticationSession.swift */,
			);
			path = "Firebase-Services";
			sourceTree = "<group>";
		};
		B7976E54247EA2C1001AE3B3 /* Views */ = {
			isa = PBXGroup;
			children = (
				B7976E55247EA2D9001AE3B3 /* EmptyView.swift */,
				B7A865D12491C58B00AC456F /* InterviewEntryView.swift */,
				B7A865C32490EB1300AC456F /* FloatingLabelTextField.swift */,
				B74108C0248E120900EEFBA8 /* ProgressBar.swift */,
				884E555D2484094100BA180F /* UserContactCVCell.swift */,
				884E555F2485542100BA180F /* JobHistoryExpandableCell.swift */,
				C60BDFCD2481B3C200CD9875 /* JobFoldingView.swift */,
				C6AC379B248592DA00957B61 /* InterviewQuestionCell.swift */,
				B7226CF7248DACA900D7F207 /* JobApplicationCell.swift */,
				C6AC379D2485DACC00957B61 /* QuestionAnswerDetailCell.swift */,
				C6AC379F2485EF4200957B61 /* StarSituationCell.swift */,
				884E55792488298B00BA180F /* ScreenshotCollectionViewCell.swift */,
				C6E214E5248808B10054CC3C /* FilterMenuViewController.swift */,
				B79F4B8224905536009523EE /* HairlineView.swift */,
				52F81DBC249260710052532B /* SettingCell.swift */,
			);
			path = Views;
			sourceTree = "<group>";
		};
		B7976E832480504C001AE3B3 /* Xibs */ = {
			isa = PBXGroup;
			children = (
				B7976EB1248061EC001AE3B3 /* Cells */,
				B7976EB0248061C6001AE3B3 /* VCs */,
			);
			path = Xibs;
			sourceTree = "<group>";
		};
		B7976EB0248061C6001AE3B3 /* VCs */ = {
			isa = PBXGroup;
			children = (
				B7976E8424805085001AE3B3 /* JobHistoryXib.xib */,
				B7976E86248051D8001AE3B3 /* JobEntryXib.xib */,
				B78EE8352497EA8B00F7E973 /* NewJobEntryXib.xib */,
				B7976E882480524F001AE3B3 /* StarStoryMainXib.xib */,
				B7976E9424805C9B001AE3B3 /* StarStoryEntryXib.xib */,
				B7976E9624805CDA001AE3B3 /* InterviewQuestionsMainXib.xib */,
				B7976E9E24805E21001AE3B3 /* NewApplicationXib.xib */,
				B7976E9824805D02001AE3B3 /* InterviewQuestionEntryXib.xib */,
				B7976E9A24805D2B001AE3B3 /* InterviewAnswerDetailXib.xib */,
				C6E214E9248941E50054CC3C /* InterviewAnswerSuggestionXib.xib */,
				B7976E9C24805D91001AE3B3 /* ApplicationTrackerXib.xib */,
				B7976EA024805E4F001AE3B3 /* ApplicationDetailXib.xib */,
				B7976EA224805EA2001AE3B3 /* SettingsXib.xib */,
				884E5571248805FA00BA180F /* FirstTimeUserExperienceViewControllerXib.xib */,
				C6E214E32488066B0054CC3C /* FilterMenuViewControllerXib.xib */,
			);
			path = VCs;
			sourceTree = "<group>";
		};
		B7976EB1248061EC001AE3B3 /* Cells */ = {
			isa = PBXGroup;
			children = (
				B7976EA42480601A001AE3B3 /* UserJobFoldingCellXib.xib */,
				B7976EA624806047001AE3B3 /* UserJobBasicCellXib.xib */,
				B7976EA824806085001AE3B3 /* StarSituationCellXib.xib */,
				B7976EAA2480609F001AE3B3 /* InterviewQuestionCellXib.xib */,
				B7976EAC248060B9001AE3B3 /* JobApplicationCellXib.xib */,
				B7976EAE2480614E001AE3B3 /* QuestionAnswerDetailCellXib.xib */,
				884E555B248408CF00BA180F /* UserContactCVCell.xib */,
				886B5133248832A6006EF56A /* ScreenshotCollectionViewCellXib.xib */,
				52F81DBA249260300052532B /* SettingCell.xib */,
			);
			path = Cells;
			sourceTree = "<group>";
		};
		B7A865D92494372F00AC456F /* Recovered References */ = {
			isa = PBXGroup;
			children = (
			);
			name = "Recovered References";
			sourceTree = "<group>";
		};
/* End PBXGroup section */

/* Begin PBXNativeTarget section */
		B725C2352476832F000811C5 /* Capstone */ = {
			isa = PBXNativeTarget;
			buildConfigurationList = B725C24A24768331000811C5 /* Build configuration list for PBXNativeTarget "Capstone" */;
			buildPhases = (
				98B6720B481737C229FDF161 /* [CP] Check Pods Manifest.lock */,
				B725C2322476832F000811C5 /* Sources */,
				B725C2332476832F000811C5 /* Frameworks */,
				B725C2342476832F000811C5 /* Resources */,
				74298BEAE6CEA86EBFE2A1BB /* [CP] Embed Pods Frameworks */,
			);
			buildRules = (
			);
			dependencies = (
			);
			name = Capstone;
			packageProductDependencies = (
				8838A4DA248E648800217DA1 /* DataPersistence */,
			);
			productName = Capstone;
			productReference = B725C2362476832F000811C5 /* Capstone.app */;
			productType = "com.apple.product-type.application";
		};
		B7976E1E247D4A15001AE3B3 /* CapstoneTests */ = {
			isa = PBXNativeTarget;
			buildConfigurationList = B7976E26247D4A16001AE3B3 /* Build configuration list for PBXNativeTarget "CapstoneTests" */;
			buildPhases = (
				0B3D64A87B98D42C38327A9E /* [CP] Check Pods Manifest.lock */,
				B7976E1B247D4A15001AE3B3 /* Sources */,
				B7976E1C247D4A15001AE3B3 /* Frameworks */,
				B7976E1D247D4A15001AE3B3 /* Resources */,
				B43A704D4C9B18B45A79544B /* [CP] Embed Pods Frameworks */,
			);
			buildRules = (
			);
			dependencies = (
				B7976E25247D4A15001AE3B3 /* PBXTargetDependency */,
			);
			name = CapstoneTests;
			productName = CapstoneTests;
			productReference = B7976E1F247D4A15001AE3B3 /* CapstoneTests.xctest */;
			productType = "com.apple.product-type.bundle.unit-test";
		};
/* End PBXNativeTarget section */

/* Begin PBXProject section */
		B725C22E2476832F000811C5 /* Project object */ = {
			isa = PBXProject;
			attributes = {
				LastSwiftUpdateCheck = 1140;
				LastUpgradeCheck = 1140;
				ORGANIZATIONNAME = "Amy Alsaydi";
				TargetAttributes = {
					B725C2352476832F000811C5 = {
						CreatedOnToolsVersion = 11.4.1;
					};
					B7976E1E247D4A15001AE3B3 = {
						CreatedOnToolsVersion = 11.4.1;
						TestTargetID = B725C2352476832F000811C5;
					};
				};
			};
			buildConfigurationList = B725C2312476832F000811C5 /* Build configuration list for PBXProject "Capstone" */;
			compatibilityVersion = "Xcode 9.3";
			developmentRegion = en;
			hasScannedForEncodings = 0;
			knownRegions = (
				en,
				Base,
			);
			mainGroup = B725C22D2476832F000811C5;
			packageReferences = (
				8838A4D9248E648800217DA1 /* XCRemoteSwiftPackageReference "DataPersistence" */,
			);
			productRefGroup = B725C2372476832F000811C5 /* Products */;
			projectDirPath = "";
			projectRoot = "";
			targets = (
				B725C2352476832F000811C5 /* Capstone */,
				B7976E1E247D4A15001AE3B3 /* CapstoneTests */,
			);
		};
/* End PBXProject section */

/* Begin PBXResourcesBuildPhase section */
		B725C2342476832F000811C5 /* Resources */ = {
			isa = PBXResourcesBuildPhase;
			buildActionMask = 2147483647;
			files = (
				C6E214EA248941E50054CC3C /* InterviewAnswerSuggestionXib.xib in Resources */,
				B7976E9924805D02001AE3B3 /* InterviewQuestionEntryXib.xib in Resources */,
				B7976EAB2480609F001AE3B3 /* InterviewQuestionCellXib.xib in Resources */,
				B7976E9D24805D91001AE3B3 /* ApplicationTrackerXib.xib in Resources */,
				B7976E9B24805D2B001AE3B3 /* InterviewAnswerDetailXib.xib in Resources */,
				B7976EA324805EA2001AE3B3 /* SettingsXib.xib in Resources */,
				B725C24624768331000811C5 /* LaunchScreen.storyboard in Resources */,
				B7976E8524805085001AE3B3 /* JobHistoryXib.xib in Resources */,
				B7976EA52480601A001AE3B3 /* UserJobFoldingCellXib.xib in Resources */,
				B725C24324768331000811C5 /* Assets.xcassets in Resources */,
				B7976EA724806047001AE3B3 /* UserJobBasicCellXib.xib in Resources */,

				C6E214E42488066B0054CC3C /* FilterMenuViewControllerXib.xib in Resources */,
				B7976E892480524F001AE3B3 /* StarStoryMainXib.xib in Resources */,
				B7976EAD248060B9001AE3B3 /* JobApplicationCellXib.xib in Resources */,
				B7976E4F247E9A3E001AE3B3 /* LoginView.storyboard in Resources */,
				B7976EA924806085001AE3B3 /* StarSituationCellXib.xib in Resources */,
				884E555C248408CF00BA180F /* UserContactCVCell.xib in Resources */,
				B7976E9524805C9B001AE3B3 /* StarStoryEntryXib.xib in Resources */,
				B7976E87248051D8001AE3B3 /* JobEntryXib.xib in Resources */,
				B7976E9724805CDA001AE3B3 /* InterviewQuestionsMainXib.xib in Resources */,
				B7976E9F24805E21001AE3B3 /* NewApplicationXib.xib in Resources */,
				52F81DBB249260300052532B /* SettingCell.xib in Resources */,
				886B5134248832A6006EF56A /* ScreenshotCollectionViewCellXib.xib in Resources */,
				884E5572248805FA00BA180F /* FirstTimeUserExperienceViewControllerXib.xib in Resources */,
				B78EE8362497EA8B00F7E973 /* NewJobEntryXib.xib in Resources */,
				B7976EAF2480614E001AE3B3 /* QuestionAnswerDetailCellXib.xib in Resources */,
				B7976EA124805E4F001AE3B3 /* ApplicationDetailXib.xib in Resources */,
			);
			runOnlyForDeploymentPostprocessing = 0;
		};
		B7976E1D247D4A15001AE3B3 /* Resources */ = {
			isa = PBXResourcesBuildPhase;
			buildActionMask = 2147483647;
			files = (
			);
			runOnlyForDeploymentPostprocessing = 0;
		};
/* End PBXResourcesBuildPhase section */

/* Begin PBXShellScriptBuildPhase section */
		0B3D64A87B98D42C38327A9E /* [CP] Check Pods Manifest.lock */ = {
			isa = PBXShellScriptBuildPhase;
			buildActionMask = 2147483647;
			files = (
			);
			inputFileListPaths = (
			);
			inputPaths = (
				"${PODS_PODFILE_DIR_PATH}/Podfile.lock",
				"${PODS_ROOT}/Manifest.lock",
			);
			name = "[CP] Check Pods Manifest.lock";
			outputFileListPaths = (
			);
			outputPaths = (
				"$(DERIVED_FILE_DIR)/Pods-CapstoneTests-checkManifestLockResult.txt",
			);
			runOnlyForDeploymentPostprocessing = 0;
			shellPath = /bin/sh;
			shellScript = "diff \"${PODS_PODFILE_DIR_PATH}/Podfile.lock\" \"${PODS_ROOT}/Manifest.lock\" > /dev/null\nif [ $? != 0 ] ; then\n    # print error to STDERR\n    echo \"error: The sandbox is not in sync with the Podfile.lock. Run 'pod install' or update your CocoaPods installation.\" >&2\n    exit 1\nfi\n# This output is used by Xcode 'outputs' to avoid re-running this script phase.\necho \"SUCCESS\" > \"${SCRIPT_OUTPUT_FILE_0}\"\n";
			showEnvVarsInLog = 0;
		};
		74298BEAE6CEA86EBFE2A1BB /* [CP] Embed Pods Frameworks */ = {
			isa = PBXShellScriptBuildPhase;
			buildActionMask = 2147483647;
			files = (
			);
			inputFileListPaths = (
				"${PODS_ROOT}/Target Support Files/Pods-Capstone/Pods-Capstone-frameworks-${CONFIGURATION}-input-files.xcfilelist",
			);
			name = "[CP] Embed Pods Frameworks";
			outputFileListPaths = (
				"${PODS_ROOT}/Target Support Files/Pods-Capstone/Pods-Capstone-frameworks-${CONFIGURATION}-output-files.xcfilelist",
			);
			runOnlyForDeploymentPostprocessing = 0;
			shellPath = /bin/sh;
			shellScript = "\"${PODS_ROOT}/Target Support Files/Pods-Capstone/Pods-Capstone-frameworks.sh\"\n";
			showEnvVarsInLog = 0;
		};
		98B6720B481737C229FDF161 /* [CP] Check Pods Manifest.lock */ = {
			isa = PBXShellScriptBuildPhase;
			buildActionMask = 2147483647;
			files = (
			);
			inputFileListPaths = (
			);
			inputPaths = (
				"${PODS_PODFILE_DIR_PATH}/Podfile.lock",
				"${PODS_ROOT}/Manifest.lock",
			);
			name = "[CP] Check Pods Manifest.lock";
			outputFileListPaths = (
			);
			outputPaths = (
				"$(DERIVED_FILE_DIR)/Pods-Capstone-checkManifestLockResult.txt",
			);
			runOnlyForDeploymentPostprocessing = 0;
			shellPath = /bin/sh;
			shellScript = "diff \"${PODS_PODFILE_DIR_PATH}/Podfile.lock\" \"${PODS_ROOT}/Manifest.lock\" > /dev/null\nif [ $? != 0 ] ; then\n    # print error to STDERR\n    echo \"error: The sandbox is not in sync with the Podfile.lock. Run 'pod install' or update your CocoaPods installation.\" >&2\n    exit 1\nfi\n# This output is used by Xcode 'outputs' to avoid re-running this script phase.\necho \"SUCCESS\" > \"${SCRIPT_OUTPUT_FILE_0}\"\n";
			showEnvVarsInLog = 0;
		};
		B43A704D4C9B18B45A79544B /* [CP] Embed Pods Frameworks */ = {
			isa = PBXShellScriptBuildPhase;
			buildActionMask = 2147483647;
			files = (
			);
			inputFileListPaths = (
				"${PODS_ROOT}/Target Support Files/Pods-CapstoneTests/Pods-CapstoneTests-frameworks-${CONFIGURATION}-input-files.xcfilelist",
			);
			name = "[CP] Embed Pods Frameworks";
			outputFileListPaths = (
				"${PODS_ROOT}/Target Support Files/Pods-CapstoneTests/Pods-CapstoneTests-frameworks-${CONFIGURATION}-output-files.xcfilelist",
			);
			runOnlyForDeploymentPostprocessing = 0;
			shellPath = /bin/sh;
			shellScript = "\"${PODS_ROOT}/Target Support Files/Pods-CapstoneTests/Pods-CapstoneTests-frameworks.sh\"\n";
			showEnvVarsInLog = 0;
		};
/* End PBXShellScriptBuildPhase section */

/* Begin PBXSourcesBuildPhase section */
		B725C2322476832F000811C5 /* Sources */ = {
			isa = PBXSourcesBuildPhase;
			buildActionMask = 2147483647;
			files = (
				884E555E2484094100BA180F /* UserContactCVCell.swift in Sources */,
				8838A4D1248E60D400217DA1 /* PersistenceHelper.swift in Sources */,
				B79F4B8324905536009523EE /* HairlineView.swift in Sources */,
				B7976E53247EA255001AE3B3 /* SettingsController.swift in Sources */,
				884E557A2488298B00BA180F /* ScreenshotCollectionViewCell.swift in Sources */,
				B7226CF8248DACA900D7F207 /* JobApplicationCell.swift in Sources */,
				C6AC37A02485EF4200957B61 /* StarSituationCell.swift in Sources */,
				C60BDFCE2481B3C200CD9875 /* JobFoldingView.swift in Sources */,
				521402182493F01900ADF7BE /* ApplicationInfo.swift in Sources */,
				B7976E4B247D9A07001AE3B3 /* ApplicationDetailController.swift in Sources */,
				C6E214E6248808B10054CC3C /* FilterMenuViewController.swift in Sources */,
				B79F4B4A248F6573009523EE /* StarSituationDatabaseServices.swift in Sources */,
				B7976E5A247EA404001AE3B3 /* SignUpController.swift in Sources */,
				C6E214EC2489439F0054CC3C /* InterviewAnswerSuggestionViewController.swift in Sources */,
				B7976E58247EA3E7001AE3B3 /* LoginController.swift in Sources */,
				B7976E51247E9D16001AE3B3 /* MainTabBarController.swift in Sources */,
				B7976E1A24777593001AE3B3 /* JobApplication.swift in Sources */,
				B7976E2B247D4AD8001AE3B3 /* DatabaseService.swift in Sources */,
				B79F4B46248F633E009523EE /* JobApplicationsDatabaseServices.swift in Sources */,
				B7976E2D247D500B001AE3B3 /* UserJob.swift in Sources */,
				C6AC379C248592DA00957B61 /* InterviewQuestionCell.swift in Sources */,
				B7976E45247D8F40001AE3B3 /* InterviewAnswerDetailController.swift in Sources */,
				B7271670248117F600276478 /* AuthenticationSession.swift in Sources */,
				B725C23A2476832F000811C5 /* AppDelegate.swift in Sources */,
				B7976E31247D5169001AE3B3 /* InterviewQuestion.swift in Sources */,
				B7976E3F247D77FA001AE3B3 /* StarStoryEntryController.swift in Sources */,
				C6AC379E2485DACC00957B61 /* QuestionAnswerDetailCell.swift in Sources */,
				B79F4B48248F64AF009523EE /* AnsweredQuestionDatabaseServices.swift in Sources */,
				B7976E49247D9444001AE3B3 /* NewApplicationController.swift in Sources */,
				B725C23C2476832F000811C5 /* SceneDelegate.swift in Sources */,
				B7976E39247D57F1001AE3B3 /* JobHistoryController.swift in Sources */,
				8838A4D3248E60E100217DA1 /* UserDefaults.swift in Sources */,
				C61E0EB92497D6F500AA7A9E /* BookmarkQuestionsDatabaseServices.swift in Sources */,
				B7976E37247D537A001AE3B3 /* UIViewControllerExt.swift in Sources */,
				8828B97124981F0E00151F10 /* ArrayExt.swift in Sources */,
				B79F4B40248F61C1009523EE /* UserDatabaseServices.swift in Sources */,
				B7976E41247D7834001AE3B3 /* InterviewQuestionsMainController.swift in Sources */,
				884E55602485542100BA180F /* JobHistoryExpandableCell.swift in Sources */,
				B737DF362486A1740052F375 /* AnsweredQuestion.swift in Sources */,
				8809883D24956537006EA9D0 /* UIViewExt.swift in Sources */,
				B7976E47247D9423001AE3B3 /* ApplicationTrackerController.swift in Sources */,
				B7976E5C247EAD84001AE3B3 /* Contact.swift in Sources */,
				B7976E43247D8F10001AE3B3 /* InterviewQuestionEntryController.swift in Sources */,
				B7976E35247D52A0001AE3B3 /* InterviewData.swift in Sources */,
				B7A865C42490EB1300AC456F /* FloatingLabelTextField.swift in Sources */,
				B74108C1248E120900EEFBA8 /* ProgressBar.swift in Sources */,
				884E55742488061100BA180F /* FirstTimeUserExperienceViewController.swift in Sources */,
				B7976E3D247D582C001AE3B3 /* StarStoryMainController.swift in Sources */,
				B7976E56247EA2D9001AE3B3 /* EmptyView.swift in Sources */,
				B7A865D22491C58B00AC456F /* InterviewEntryView.swift in Sources */,
				B79F4B44248F62F7009523EE /* InterviewQuestionsDatabaseServices.swift in Sources */,
				B78EE8382497EAB700F7E973 /* NewJobEntryController.swift in Sources */,
				52F81DBD249260710052532B /* SettingCell.swift in Sources */,
				B7A865BE2490D60F00AC456F /* UITextFieldExt.swift in Sources */,
				884E557024873F3700BA180F /* User.swift in Sources */,
				B7976E2F247D50FF001AE3B3 /* StarSituation.swift in Sources */,
				B79F4B42248F6281009523EE /* UserJobsDatabaseServices.swift in Sources */,
				B7976E3B247D580A001AE3B3 /* JobEntryController.swift in Sources */,
			);
			runOnlyForDeploymentPostprocessing = 0;
		};
		B7976E1B247D4A15001AE3B3 /* Sources */ = {
			isa = PBXSourcesBuildPhase;
			buildActionMask = 2147483647;
			files = (
				B7304DAA248817E900490DF1 /* UserJobsDataTests.swift in Sources */,
				B7976E22247D4A15001AE3B3 /* CapstoneTests.swift in Sources */,
				B74108C7248EDC8200EEFBA8 /* JobApplicationTests.swift in Sources */,
			);
			runOnlyForDeploymentPostprocessing = 0;
		};
/* End PBXSourcesBuildPhase section */

/* Begin PBXTargetDependency section */
		B7976E25247D4A15001AE3B3 /* PBXTargetDependency */ = {
			isa = PBXTargetDependency;
			target = B725C2352476832F000811C5 /* Capstone */;
			targetProxy = B7976E24247D4A15001AE3B3 /* PBXContainerItemProxy */;
		};
/* End PBXTargetDependency section */

/* Begin PBXVariantGroup section */
		B725C24424768331000811C5 /* LaunchScreen.storyboard */ = {
			isa = PBXVariantGroup;
			children = (
				B725C24524768331000811C5 /* Base */,
			);
			name = LaunchScreen.storyboard;
			sourceTree = "<group>";
		};
/* End PBXVariantGroup section */

/* Begin XCBuildConfiguration section */
		B725C24824768331000811C5 /* Debug */ = {
			isa = XCBuildConfiguration;
			buildSettings = {
				ALWAYS_SEARCH_USER_PATHS = NO;
				CLANG_ANALYZER_NONNULL = YES;
				CLANG_ANALYZER_NUMBER_OBJECT_CONVERSION = YES_AGGRESSIVE;
				CLANG_CXX_LANGUAGE_STANDARD = "gnu++14";
				CLANG_CXX_LIBRARY = "libc++";
				CLANG_ENABLE_MODULES = YES;
				CLANG_ENABLE_OBJC_ARC = YES;
				CLANG_ENABLE_OBJC_WEAK = YES;
				CLANG_WARN_BLOCK_CAPTURE_AUTORELEASING = YES;
				CLANG_WARN_BOOL_CONVERSION = YES;
				CLANG_WARN_COMMA = YES;
				CLANG_WARN_CONSTANT_CONVERSION = YES;
				CLANG_WARN_DEPRECATED_OBJC_IMPLEMENTATIONS = YES;
				CLANG_WARN_DIRECT_OBJC_ISA_USAGE = YES_ERROR;
				CLANG_WARN_DOCUMENTATION_COMMENTS = YES;
				CLANG_WARN_EMPTY_BODY = YES;
				CLANG_WARN_ENUM_CONVERSION = YES;
				CLANG_WARN_INFINITE_RECURSION = YES;
				CLANG_WARN_INT_CONVERSION = YES;
				CLANG_WARN_NON_LITERAL_NULL_CONVERSION = YES;
				CLANG_WARN_OBJC_IMPLICIT_RETAIN_SELF = YES;
				CLANG_WARN_OBJC_LITERAL_CONVERSION = YES;
				CLANG_WARN_OBJC_ROOT_CLASS = YES_ERROR;
				CLANG_WARN_RANGE_LOOP_ANALYSIS = YES;
				CLANG_WARN_STRICT_PROTOTYPES = YES;
				CLANG_WARN_SUSPICIOUS_MOVE = YES;
				CLANG_WARN_UNGUARDED_AVAILABILITY = YES_AGGRESSIVE;
				CLANG_WARN_UNREACHABLE_CODE = YES;
				CLANG_WARN__DUPLICATE_METHOD_MATCH = YES;
				COPY_PHASE_STRIP = NO;
				DEBUG_INFORMATION_FORMAT = dwarf;
				ENABLE_STRICT_OBJC_MSGSEND = YES;
				ENABLE_TESTABILITY = YES;
				GCC_C_LANGUAGE_STANDARD = gnu11;
				GCC_DYNAMIC_NO_PIC = NO;
				GCC_NO_COMMON_BLOCKS = YES;
				GCC_OPTIMIZATION_LEVEL = 0;
				GCC_PREPROCESSOR_DEFINITIONS = (
					"DEBUG=1",
					"$(inherited)",
				);
				GCC_WARN_64_TO_32_BIT_CONVERSION = YES;
				GCC_WARN_ABOUT_RETURN_TYPE = YES_ERROR;
				GCC_WARN_UNDECLARED_SELECTOR = YES;
				GCC_WARN_UNINITIALIZED_AUTOS = YES_AGGRESSIVE;
				GCC_WARN_UNUSED_FUNCTION = YES;
				GCC_WARN_UNUSED_VARIABLE = YES;
				IPHONEOS_DEPLOYMENT_TARGET = 13.4;
				MTL_ENABLE_DEBUG_INFO = INCLUDE_SOURCE;
				MTL_FAST_MATH = YES;
				ONLY_ACTIVE_ARCH = YES;
				SDKROOT = iphoneos;
				SWIFT_ACTIVE_COMPILATION_CONDITIONS = DEBUG;
				SWIFT_OPTIMIZATION_LEVEL = "-Onone";
			};
			name = Debug;
		};
		B725C24924768331000811C5 /* Release */ = {
			isa = XCBuildConfiguration;
			buildSettings = {
				ALWAYS_SEARCH_USER_PATHS = NO;
				CLANG_ANALYZER_NONNULL = YES;
				CLANG_ANALYZER_NUMBER_OBJECT_CONVERSION = YES_AGGRESSIVE;
				CLANG_CXX_LANGUAGE_STANDARD = "gnu++14";
				CLANG_CXX_LIBRARY = "libc++";
				CLANG_ENABLE_MODULES = YES;
				CLANG_ENABLE_OBJC_ARC = YES;
				CLANG_ENABLE_OBJC_WEAK = YES;
				CLANG_WARN_BLOCK_CAPTURE_AUTORELEASING = YES;
				CLANG_WARN_BOOL_CONVERSION = YES;
				CLANG_WARN_COMMA = YES;
				CLANG_WARN_CONSTANT_CONVERSION = YES;
				CLANG_WARN_DEPRECATED_OBJC_IMPLEMENTATIONS = YES;
				CLANG_WARN_DIRECT_OBJC_ISA_USAGE = YES_ERROR;
				CLANG_WARN_DOCUMENTATION_COMMENTS = YES;
				CLANG_WARN_EMPTY_BODY = YES;
				CLANG_WARN_ENUM_CONVERSION = YES;
				CLANG_WARN_INFINITE_RECURSION = YES;
				CLANG_WARN_INT_CONVERSION = YES;
				CLANG_WARN_NON_LITERAL_NULL_CONVERSION = YES;
				CLANG_WARN_OBJC_IMPLICIT_RETAIN_SELF = YES;
				CLANG_WARN_OBJC_LITERAL_CONVERSION = YES;
				CLANG_WARN_OBJC_ROOT_CLASS = YES_ERROR;
				CLANG_WARN_RANGE_LOOP_ANALYSIS = YES;
				CLANG_WARN_STRICT_PROTOTYPES = YES;
				CLANG_WARN_SUSPICIOUS_MOVE = YES;
				CLANG_WARN_UNGUARDED_AVAILABILITY = YES_AGGRESSIVE;
				CLANG_WARN_UNREACHABLE_CODE = YES;
				CLANG_WARN__DUPLICATE_METHOD_MATCH = YES;
				COPY_PHASE_STRIP = NO;
				DEBUG_INFORMATION_FORMAT = "dwarf-with-dsym";
				ENABLE_NS_ASSERTIONS = NO;
				ENABLE_STRICT_OBJC_MSGSEND = YES;
				GCC_C_LANGUAGE_STANDARD = gnu11;
				GCC_NO_COMMON_BLOCKS = YES;
				GCC_WARN_64_TO_32_BIT_CONVERSION = YES;
				GCC_WARN_ABOUT_RETURN_TYPE = YES_ERROR;
				GCC_WARN_UNDECLARED_SELECTOR = YES;
				GCC_WARN_UNINITIALIZED_AUTOS = YES_AGGRESSIVE;
				GCC_WARN_UNUSED_FUNCTION = YES;
				GCC_WARN_UNUSED_VARIABLE = YES;
				IPHONEOS_DEPLOYMENT_TARGET = 13.4;
				MTL_ENABLE_DEBUG_INFO = NO;
				MTL_FAST_MATH = YES;
				SDKROOT = iphoneos;
				SWIFT_COMPILATION_MODE = wholemodule;
				SWIFT_OPTIMIZATION_LEVEL = "-O";
				VALIDATE_PRODUCT = YES;
			};
			name = Release;
		};
		B725C24B24768331000811C5 /* Debug */ = {
			isa = XCBuildConfiguration;
			baseConfigurationReference = C7037A2A4316CFAC5ABB84AD /* Pods-Capstone.debug.xcconfig */;
			buildSettings = {
				ASSETCATALOG_COMPILER_APPICON_NAME = AppIcon;
				CODE_SIGN_STYLE = Automatic;
				DEVELOPMENT_TEAM = 26RHXP32FH;
				INFOPLIST_FILE = Capstone/Info.plist;
				IPHONEOS_DEPLOYMENT_TARGET = 13.0;
				LD_RUNPATH_SEARCH_PATHS = (
					"$(inherited)",
					"@executable_path/Frameworks",
				);
				PRODUCT_BUNDLE_IDENTIFIER = com.Amy.Capstone;
				PRODUCT_NAME = "$(TARGET_NAME)";
				SWIFT_VERSION = 5.0;
				TARGETED_DEVICE_FAMILY = 1;
			};
			name = Debug;
		};
		B725C24C24768331000811C5 /* Release */ = {
			isa = XCBuildConfiguration;
			baseConfigurationReference = 0B21D1AA2CAE8320224A17FD /* Pods-Capstone.release.xcconfig */;
			buildSettings = {
				ASSETCATALOG_COMPILER_APPICON_NAME = AppIcon;
				CODE_SIGN_STYLE = Automatic;
				DEVELOPMENT_TEAM = 26RHXP32FH;
				INFOPLIST_FILE = Capstone/Info.plist;
				IPHONEOS_DEPLOYMENT_TARGET = 13.0;
				LD_RUNPATH_SEARCH_PATHS = (
					"$(inherited)",
					"@executable_path/Frameworks",
				);
				PRODUCT_BUNDLE_IDENTIFIER = com.Amy.Capstone;
				PRODUCT_NAME = "$(TARGET_NAME)";
				SWIFT_VERSION = 5.0;
				TARGETED_DEVICE_FAMILY = 1;
			};
			name = Release;
		};
		B7976E27247D4A16001AE3B3 /* Debug */ = {
			isa = XCBuildConfiguration;
			baseConfigurationReference = 17A1C2FB09C24401FFBC99A4 /* Pods-CapstoneTests.debug.xcconfig */;
			buildSettings = {
				BUNDLE_LOADER = "$(TEST_HOST)";
				CODE_SIGN_STYLE = Automatic;
				DEVELOPMENT_TEAM = WDT827LK75;
				INFOPLIST_FILE = CapstoneTests/Info.plist;
				LD_RUNPATH_SEARCH_PATHS = (
					"$(inherited)",
					"@executable_path/Frameworks",
					"@loader_path/Frameworks",
				);
				PRODUCT_BUNDLE_IDENTIFIER = com.Amy.CapstoneTests;
				PRODUCT_NAME = "$(TARGET_NAME)";
				SWIFT_VERSION = 5.0;
				TARGETED_DEVICE_FAMILY = "1,2";
				TEST_HOST = "$(BUILT_PRODUCTS_DIR)/Capstone.app/Capstone";
			};
			name = Debug;
		};
		B7976E28247D4A16001AE3B3 /* Release */ = {
			isa = XCBuildConfiguration;
			baseConfigurationReference = 44397EE59E4E94E21F72EA4A /* Pods-CapstoneTests.release.xcconfig */;
			buildSettings = {
				BUNDLE_LOADER = "$(TEST_HOST)";
				CODE_SIGN_STYLE = Automatic;
				DEVELOPMENT_TEAM = WDT827LK75;
				INFOPLIST_FILE = CapstoneTests/Info.plist;
				LD_RUNPATH_SEARCH_PATHS = (
					"$(inherited)",
					"@executable_path/Frameworks",
					"@loader_path/Frameworks",
				);
				PRODUCT_BUNDLE_IDENTIFIER = com.Amy.CapstoneTests;
				PRODUCT_NAME = "$(TARGET_NAME)";
				SWIFT_VERSION = 5.0;
				TARGETED_DEVICE_FAMILY = "1,2";
				TEST_HOST = "$(BUILT_PRODUCTS_DIR)/Capstone.app/Capstone";
			};
			name = Release;
		};
/* End XCBuildConfiguration section */

/* Begin XCConfigurationList section */
		B725C2312476832F000811C5 /* Build configuration list for PBXProject "Capstone" */ = {
			isa = XCConfigurationList;
			buildConfigurations = (
				B725C24824768331000811C5 /* Debug */,
				B725C24924768331000811C5 /* Release */,
			);
			defaultConfigurationIsVisible = 0;
			defaultConfigurationName = Release;
		};
		B725C24A24768331000811C5 /* Build configuration list for PBXNativeTarget "Capstone" */ = {
			isa = XCConfigurationList;
			buildConfigurations = (
				B725C24B24768331000811C5 /* Debug */,
				B725C24C24768331000811C5 /* Release */,
			);
			defaultConfigurationIsVisible = 0;
			defaultConfigurationName = Release;
		};
		B7976E26247D4A16001AE3B3 /* Build configuration list for PBXNativeTarget "CapstoneTests" */ = {
			isa = XCConfigurationList;
			buildConfigurations = (
				B7976E27247D4A16001AE3B3 /* Debug */,
				B7976E28247D4A16001AE3B3 /* Release */,
			);
			defaultConfigurationIsVisible = 0;
			defaultConfigurationName = Release;
		};
/* End XCConfigurationList section */

/* Begin XCRemoteSwiftPackageReference section */
		8838A4D9248E648800217DA1 /* XCRemoteSwiftPackageReference "DataPersistence" */ = {
			isa = XCRemoteSwiftPackageReference;
			repositoryURL = "https://github.com/alexpaul/DataPersistence";
			requirement = {
				kind = upToNextMajorVersion;
				minimumVersion = 1.1.0;
			};
		};
/* End XCRemoteSwiftPackageReference section */

/* Begin XCSwiftPackageProductDependency section */
		8838A4DA248E648800217DA1 /* DataPersistence */ = {
			isa = XCSwiftPackageProductDependency;
			package = 8838A4D9248E648800217DA1 /* XCRemoteSwiftPackageReference "DataPersistence" */;
			productName = DataPersistence;
		};
/* End XCSwiftPackageProductDependency section */
	};
	rootObject = B725C22E2476832F000811C5 /* Project object */;
}
