// !$*UTF8*$!
{
	archiveVersion = 1;
	classes = {
	};
	objectVersion = 51;
	objects = {

/* Begin PBXBuildFile section */
		45BC67ACBC278BE7865BCC41 /* Pods_Capstone.framework in Frameworks */ = {isa = PBXBuildFile; fileRef = BDD163FC47D21D55BFC1C1D1 /* Pods_Capstone.framework */; };
		B725C23A2476832F000811C5 /* AppDelegate.swift in Sources */ = {isa = PBXBuildFile; fileRef = B725C2392476832F000811C5 /* AppDelegate.swift */; };
		B725C23C2476832F000811C5 /* SceneDelegate.swift in Sources */ = {isa = PBXBuildFile; fileRef = B725C23B2476832F000811C5 /* SceneDelegate.swift */; };
		B725C24324768331000811C5 /* Assets.xcassets in Resources */ = {isa = PBXBuildFile; fileRef = B725C24224768331000811C5 /* Assets.xcassets */; };
		B725C24624768331000811C5 /* LaunchScreen.storyboard in Resources */ = {isa = PBXBuildFile; fileRef = B725C24424768331000811C5 /* LaunchScreen.storyboard */; };
		B7976E0B24768578001AE3B3 /* GoogleService-Info.plist in Resources */ = {isa = PBXBuildFile; fileRef = B7976E0A24768578001AE3B3 /* GoogleService-Info.plist */; };
		B7976E142476899D001AE3B3 /* Secrets.swift in Sources */ = {isa = PBXBuildFile; fileRef = B7976E132476899D001AE3B3 /* Secrets.swift */; };
		B7976E16247689DE001AE3B3 /* MainViewController.swift in Sources */ = {isa = PBXBuildFile; fileRef = B7976E15247689DE001AE3B3 /* MainViewController.swift */; };
		B7976E1824777583001AE3B3 /* Job.swift in Sources */ = {isa = PBXBuildFile; fileRef = B7976E1724777583001AE3B3 /* Job.swift */; };
		B7976E1A24777593001AE3B3 /* Application.swift in Sources */ = {isa = PBXBuildFile; fileRef = B7976E1924777593001AE3B3 /* Application.swift */; };
/* End PBXBuildFile section */

/* Begin PBXFileReference section */
		0B21D1AA2CAE8320224A17FD /* Pods-Capstone.release.xcconfig */ = {isa = PBXFileReference; includeInIndex = 1; lastKnownFileType = text.xcconfig; name = "Pods-Capstone.release.xcconfig"; path = "Target Support Files/Pods-Capstone/Pods-Capstone.release.xcconfig"; sourceTree = "<group>"; };
		B725C2362476832F000811C5 /* Capstone.app */ = {isa = PBXFileReference; explicitFileType = wrapper.application; includeInIndex = 0; path = Capstone.app; sourceTree = BUILT_PRODUCTS_DIR; };
		B725C2392476832F000811C5 /* AppDelegate.swift */ = {isa = PBXFileReference; lastKnownFileType = sourcecode.swift; path = AppDelegate.swift; sourceTree = "<group>"; };
		B725C23B2476832F000811C5 /* SceneDelegate.swift */ = {isa = PBXFileReference; lastKnownFileType = sourcecode.swift; path = SceneDelegate.swift; sourceTree = "<group>"; };
		B725C24224768331000811C5 /* Assets.xcassets */ = {isa = PBXFileReference; lastKnownFileType = folder.assetcatalog; path = Assets.xcassets; sourceTree = "<group>"; };
		B725C24524768331000811C5 /* Base */ = {isa = PBXFileReference; lastKnownFileType = file.storyboard; name = Base; path = Base.lproj/LaunchScreen.storyboard; sourceTree = "<group>"; };
		B725C24724768331000811C5 /* Info.plist */ = {isa = PBXFileReference; lastKnownFileType = text.plist.xml; path = Info.plist; sourceTree = "<group>"; };
		B7976E0A24768578001AE3B3 /* GoogleService-Info.plist */ = {isa = PBXFileReference; fileEncoding = 4; lastKnownFileType = text.plist.xml; path = "GoogleService-Info.plist"; sourceTree = "<group>"; };
		B7976E132476899D001AE3B3 /* Secrets.swift */ = {isa = PBXFileReference; lastKnownFileType = sourcecode.swift; path = Secrets.swift; sourceTree = "<group>"; };
		B7976E15247689DE001AE3B3 /* MainViewController.swift */ = {isa = PBXFileReference; lastKnownFileType = sourcecode.swift; path = MainViewController.swift; sourceTree = "<group>"; };
		B7976E1724777583001AE3B3 /* Job.swift */ = {isa = PBXFileReference; lastKnownFileType = sourcecode.swift; path = Job.swift; sourceTree = "<group>"; };
		B7976E1924777593001AE3B3 /* Application.swift */ = {isa = PBXFileReference; lastKnownFileType = sourcecode.swift; path = Application.swift; sourceTree = "<group>"; };
		BDD163FC47D21D55BFC1C1D1 /* Pods_Capstone.framework */ = {isa = PBXFileReference; explicitFileType = wrapper.framework; includeInIndex = 0; path = Pods_Capstone.framework; sourceTree = BUILT_PRODUCTS_DIR; };
		C7037A2A4316CFAC5ABB84AD /* Pods-Capstone.debug.xcconfig */ = {isa = PBXFileReference; includeInIndex = 1; lastKnownFileType = text.xcconfig; name = "Pods-Capstone.debug.xcconfig"; path = "Target Support Files/Pods-Capstone/Pods-Capstone.debug.xcconfig"; sourceTree = "<group>"; };
/* End PBXFileReference section */

/* Begin PBXFrameworksBuildPhase section */
		B725C2332476832F000811C5 /* Frameworks */ = {
			isa = PBXFrameworksBuildPhase;
			buildActionMask = 2147483647;
			files = (
				45BC67ACBC278BE7865BCC41 /* Pods_Capstone.framework in Frameworks */,
			);
			runOnlyForDeploymentPostprocessing = 0;
		};
/* End PBXFrameworksBuildPhase section */

/* Begin PBXGroup section */
		4249468C7066E63C865B619C /* Frameworks */ = {
			isa = PBXGroup;
			children = (
				BDD163FC47D21D55BFC1C1D1 /* Pods_Capstone.framework */,
			);
			name = Frameworks;
			sourceTree = "<group>";
		};
		5956DD7DDBAFC9F24FDEE2CA /* Pods */ = {
			isa = PBXGroup;
			children = (
				C7037A2A4316CFAC5ABB84AD /* Pods-Capstone.debug.xcconfig */,
				0B21D1AA2CAE8320224A17FD /* Pods-Capstone.release.xcconfig */,
			);
			path = Pods;
			sourceTree = "<group>";
		};
		B725C22D2476832F000811C5 = {
			isa = PBXGroup;
			children = (
				B725C2382476832F000811C5 /* Capstone */,
				B725C2372476832F000811C5 /* Products */,
				5956DD7DDBAFC9F24FDEE2CA /* Pods */,
				4249468C7066E63C865B619C /* Frameworks */,
			);
			sourceTree = "<group>";
		};
		B725C2372476832F000811C5 /* Products */ = {
			isa = PBXGroup;
			children = (
				B725C2362476832F000811C5 /* Capstone.app */,
			);
			name = Products;
			sourceTree = "<group>";
		};
		B725C2382476832F000811C5 /* Capstone */ = {
			isa = PBXGroup;
			children = (
				B7976E12247688B2001AE3B3 /* Secrets */,
				B7976E112476885F001AE3B3 /* Storyboards */,
				B7976E102476881E001AE3B3 /* Extensions */,
				B7976E0F24768817001AE3B3 /* Models */,
				B7976E0E2476880E001AE3B3 /* Views */,
				B7976E0D24768806001AE3B3 /* Supporting */,
				B7976E0C247687FB001AE3B3 /* Controllers */,
				B7976E0A24768578001AE3B3 /* GoogleService-Info.plist */,
				B725C24724768331000811C5 /* Info.plist */,
			);
			path = Capstone;
			sourceTree = "<group>";
		};
		B7976E0C247687FB001AE3B3 /* Controllers */ = {
			isa = PBXGroup;
			children = (
				B7976E15247689DE001AE3B3 /* MainViewController.swift */,
			);
			path = Controllers;
			sourceTree = "<group>";
		};
		B7976E0D24768806001AE3B3 /* Supporting */ = {
			isa = PBXGroup;
			children = (
				B725C2392476832F000811C5 /* AppDelegate.swift */,
				B725C23B2476832F000811C5 /* SceneDelegate.swift */,
				B725C24224768331000811C5 /* Assets.xcassets */,
			);
			path = Supporting;
			sourceTree = "<group>";
		};
		B7976E0E2476880E001AE3B3 /* Views */ = {
			isa = PBXGroup;
			children = (
			);
			path = Views;
			sourceTree = "<group>";
		};
		B7976E0F24768817001AE3B3 /* Models */ = {
			isa = PBXGroup;
			children = (
				B7976E1724777583001AE3B3 /* Job.swift */,
				B7976E1924777593001AE3B3 /* Application.swift */,
			);
			path = Models;
			sourceTree = "<group>";
		};
		B7976E102476881E001AE3B3 /* Extensions */ = {
			isa = PBXGroup;
			children = (
			);
			path = Extensions;
			sourceTree = "<group>";
		};
		B7976E112476885F001AE3B3 /* Storyboards */ = {
			isa = PBXGroup;
			children = (
				B725C24424768331000811C5 /* LaunchScreen.storyboard */,
			);
			path = Storyboards;
			sourceTree = "<group>";
		};
		B7976E12247688B2001AE3B3 /* Secrets */ = {
			isa = PBXGroup;
			children = (
				B7976E132476899D001AE3B3 /* Secrets.swift */,
			);
			path = Secrets;
			sourceTree = "<group>";
		};
/* End PBXGroup section */

/* Begin PBXNativeTarget section */
		B725C2352476832F000811C5 /* Capstone */ = {
			isa = PBXNativeTarget;
			buildConfigurationList = B725C24A24768331000811C5 /* Build configuration list for PBXNativeTarget "Capstone" */;
			buildPhases = (
				98B6720B481737C229FDF161 /* [CP] Check Pods Manifest.lock */,
				B725C2322476832F000811C5 /* Sources */,
				B725C2332476832F000811C5 /* Frameworks */,
				B725C2342476832F000811C5 /* Resources */,
				74298BEAE6CEA86EBFE2A1BB /* [CP] Embed Pods Frameworks */,
			);
			buildRules = (
			);
			dependencies = (
			);
			name = Capstone;
			productName = Capstone;
			productReference = B725C2362476832F000811C5 /* Capstone.app */;
			productType = "com.apple.product-type.application";
		};
/* End PBXNativeTarget section */

/* Begin PBXProject section */
		B725C22E2476832F000811C5 /* Project object */ = {
			isa = PBXProject;
			attributes = {
				LastSwiftUpdateCheck = 1140;
				LastUpgradeCheck = 1140;
				ORGANIZATIONNAME = "Amy Alsaydi";
				TargetAttributes = {
					B725C2352476832F000811C5 = {
						CreatedOnToolsVersion = 11.4.1;
					};
				};
			};
			buildConfigurationList = B725C2312476832F000811C5 /* Build configuration list for PBXProject "Capstone" */;
			compatibilityVersion = "Xcode 9.3";
			developmentRegion = en;
			hasScannedForEncodings = 0;
			knownRegions = (
				en,
				Base,
			);
			mainGroup = B725C22D2476832F000811C5;
			productRefGroup = B725C2372476832F000811C5 /* Products */;
			projectDirPath = "";
			projectRoot = "";
			targets = (
				B725C2352476832F000811C5 /* Capstone */,
			);
		};
/* End PBXProject section */

/* Begin PBXResourcesBuildPhase section */
		B725C2342476832F000811C5 /* Resources */ = {
			isa = PBXResourcesBuildPhase;
			buildActionMask = 2147483647;
			files = (
				B725C24624768331000811C5 /* LaunchScreen.storyboard in Resources */,
				B7976E0B24768578001AE3B3 /* GoogleService-Info.plist in Resources */,
				B725C24324768331000811C5 /* Assets.xcassets in Resources */,
			);
			runOnlyForDeploymentPostprocessing = 0;
		};
/* End PBXResourcesBuildPhase section */

/* Begin PBXShellScriptBuildPhase section */
		74298BEAE6CEA86EBFE2A1BB /* [CP] Embed Pods Frameworks */ = {
			isa = PBXShellScriptBuildPhase;
			buildActionMask = 2147483647;
			files = (
			);
			inputFileListPaths = (
				"${PODS_ROOT}/Target Support Files/Pods-Capstone/Pods-Capstone-frameworks-${CONFIGURATION}-input-files.xcfilelist",
			);
			name = "[CP] Embed Pods Frameworks";
			outputFileListPaths = (
				"${PODS_ROOT}/Target Support Files/Pods-Capstone/Pods-Capstone-frameworks-${CONFIGURATION}-output-files.xcfilelist",
			);
			runOnlyForDeploymentPostprocessing = 0;
			shellPath = /bin/sh;
			shellScript = "\"${PODS_ROOT}/Target Support Files/Pods-Capstone/Pods-Capstone-frameworks.sh\"\n";
			showEnvVarsInLog = 0;
		};
		98B6720B481737C229FDF161 /* [CP] Check Pods Manifest.lock */ = {
			isa = PBXShellScriptBuildPhase;
			buildActionMask = 2147483647;
			files = (
			);
			inputFileListPaths = (
			);
			inputPaths = (
				"${PODS_PODFILE_DIR_PATH}/Podfile.lock",
				"${PODS_ROOT}/Manifest.lock",
			);
			name = "[CP] Check Pods Manifest.lock";
			outputFileListPaths = (
			);
			outputPaths = (
				"$(DERIVED_FILE_DIR)/Pods-Capstone-checkManifestLockResult.txt",
			);
			runOnlyForDeploymentPostprocessing = 0;
			shellPath = /bin/sh;
			shellScript = "diff \"${PODS_PODFILE_DIR_PATH}/Podfile.lock\" \"${PODS_ROOT}/Manifest.lock\" > /dev/null\nif [ $? != 0 ] ; then\n    # print error to STDERR\n    echo \"error: The sandbox is not in sync with the Podfile.lock. Run 'pod install' or update your CocoaPods installation.\" >&2\n    exit 1\nfi\n# This output is used by Xcode 'outputs' to avoid re-running this script phase.\necho \"SUCCESS\" > \"${SCRIPT_OUTPUT_FILE_0}\"\n";
			showEnvVarsInLog = 0;
		};
/* End PBXShellScriptBuildPhase section */

/* Begin PBXSourcesBuildPhase section */
		B725C2322476832F000811C5 /* Sources */ = {
			isa = PBXSourcesBuildPhase;
			buildActionMask = 2147483647;
			files = (
				B7976E1A24777593001AE3B3 /* Application.swift in Sources */,
				B725C23A2476832F000811C5 /* AppDelegate.swift in Sources */,
				B7976E142476899D001AE3B3 /* Secrets.swift in Sources */,
				B725C23C2476832F000811C5 /* SceneDelegate.swift in Sources */,
				B7976E16247689DE001AE3B3 /* MainViewController.swift in Sources */,
				B7976E1824777583001AE3B3 /* Job.swift in Sources */,
			);
			runOnlyForDeploymentPostprocessing = 0;
		};
/* End PBXSourcesBuildPhase section */

/* Begin PBXVariantGroup section */
		B725C24424768331000811C5 /* LaunchScreen.storyboard */ = {
			isa = PBXVariantGroup;
			children = (
				B725C24524768331000811C5 /* Base */,
			);
			name = LaunchScreen.storyboard;
			sourceTree = "<group>";
		};
/* End PBXVariantGroup section */

/* Begin XCBuildConfiguration section */
		B725C24824768331000811C5 /* Debug */ = {
			isa = XCBuildConfiguration;
			buildSettings = {
				ALWAYS_SEARCH_USER_PATHS = NO;
				CLANG_ANALYZER_NONNULL = YES;
				CLANG_ANALYZER_NUMBER_OBJECT_CONVERSION = YES_AGGRESSIVE;
				CLANG_CXX_LANGUAGE_STANDARD = "gnu++14";
				CLANG_CXX_LIBRARY = "libc++";
				CLANG_ENABLE_MODULES = YES;
				CLANG_ENABLE_OBJC_ARC = YES;
				CLANG_ENABLE_OBJC_WEAK = YES;
				CLANG_WARN_BLOCK_CAPTURE_AUTORELEASING = YES;
				CLANG_WARN_BOOL_CONVERSION = YES;
				CLANG_WARN_COMMA = YES;
				CLANG_WARN_CONSTANT_CONVERSION = YES;
				CLANG_WARN_DEPRECATED_OBJC_IMPLEMENTATIONS = YES;
				CLANG_WARN_DIRECT_OBJC_ISA_USAGE = YES_ERROR;
				CLANG_WARN_DOCUMENTATION_COMMENTS = YES;
				CLANG_WARN_EMPTY_BODY = YES;
				CLANG_WARN_ENUM_CONVERSION = YES;
				CLANG_WARN_INFINITE_RECURSION = YES;
				CLANG_WARN_INT_CONVERSION = YES;
				CLANG_WARN_NON_LITERAL_NULL_CONVERSION = YES;
				CLANG_WARN_OBJC_IMPLICIT_RETAIN_SELF = YES;
				CLANG_WARN_OBJC_LITERAL_CONVERSION = YES;
				CLANG_WARN_OBJC_ROOT_CLASS = YES_ERROR;
				CLANG_WARN_RANGE_LOOP_ANALYSIS = YES;
				CLANG_WARN_STRICT_PROTOTYPES = YES;
				CLANG_WARN_SUSPICIOUS_MOVE = YES;
				CLANG_WARN_UNGUARDED_AVAILABILITY = YES_AGGRESSIVE;
				CLANG_WARN_UNREACHABLE_CODE = YES;
				CLANG_WARN__DUPLICATE_METHOD_MATCH = YES;
				COPY_PHASE_STRIP = NO;
				DEBUG_INFORMATION_FORMAT = dwarf;
				ENABLE_STRICT_OBJC_MSGSEND = YES;
				ENABLE_TESTABILITY = YES;
				GCC_C_LANGUAGE_STANDARD = gnu11;
				GCC_DYNAMIC_NO_PIC = NO;
				GCC_NO_COMMON_BLOCKS = YES;
				GCC_OPTIMIZATION_LEVEL = 0;
				GCC_PREPROCESSOR_DEFINITIONS = (
					"DEBUG=1",
					"$(inherited)",
				);
				GCC_WARN_64_TO_32_BIT_CONVERSION = YES;
				GCC_WARN_ABOUT_RETURN_TYPE = YES_ERROR;
				GCC_WARN_UNDECLARED_SELECTOR = YES;
				GCC_WARN_UNINITIALIZED_AUTOS = YES_AGGRESSIVE;
				GCC_WARN_UNUSED_FUNCTION = YES;
				GCC_WARN_UNUSED_VARIABLE = YES;
				IPHONEOS_DEPLOYMENT_TARGET = 13.4;
				MTL_ENABLE_DEBUG_INFO = INCLUDE_SOURCE;
				MTL_FAST_MATH = YES;
				ONLY_ACTIVE_ARCH = YES;
				SDKROOT = iphoneos;
				SWIFT_ACTIVE_COMPILATION_CONDITIONS = DEBUG;
				SWIFT_OPTIMIZATION_LEVEL = "-Onone";
			};
			name = Debug;
		};
		B725C24924768331000811C5 /* Release */ = {
			isa = XCBuildConfiguration;
			buildSettings = {
				ALWAYS_SEARCH_USER_PATHS = NO;
				CLANG_ANALYZER_NONNULL = YES;
				CLANG_ANALYZER_NUMBER_OBJECT_CONVERSION = YES_AGGRESSIVE;
				CLANG_CXX_LANGUAGE_STANDARD = "gnu++14";
				CLANG_CXX_LIBRARY = "libc++";
				CLANG_ENABLE_MODULES = YES;
				CLANG_ENABLE_OBJC_ARC = YES;
				CLANG_ENABLE_OBJC_WEAK = YES;
				CLANG_WARN_BLOCK_CAPTURE_AUTORELEASING = YES;
				CLANG_WARN_BOOL_CONVERSION = YES;
				CLANG_WARN_COMMA = YES;
				CLANG_WARN_CONSTANT_CONVERSION = YES;
				CLANG_WARN_DEPRECATED_OBJC_IMPLEMENTATIONS = YES;
				CLANG_WARN_DIRECT_OBJC_ISA_USAGE = YES_ERROR;
				CLANG_WARN_DOCUMENTATION_COMMENTS = YES;
				CLANG_WARN_EMPTY_BODY = YES;
				CLANG_WARN_ENUM_CONVERSION = YES;
				CLANG_WARN_INFINITE_RECURSION = YES;
				CLANG_WARN_INT_CONVERSION = YES;
				CLANG_WARN_NON_LITERAL_NULL_CONVERSION = YES;
				CLANG_WARN_OBJC_IMPLICIT_RETAIN_SELF = YES;
				CLANG_WARN_OBJC_LITERAL_CONVERSION = YES;
				CLANG_WARN_OBJC_ROOT_CLASS = YES_ERROR;
				CLANG_WARN_RANGE_LOOP_ANALYSIS = YES;
				CLANG_WARN_STRICT_PROTOTYPES = YES;
				CLANG_WARN_SUSPICIOUS_MOVE = YES;
				CLANG_WARN_UNGUARDED_AVAILABILITY = YES_AGGRESSIVE;
				CLANG_WARN_UNREACHABLE_CODE = YES;
				CLANG_WARN__DUPLICATE_METHOD_MATCH = YES;
				COPY_PHASE_STRIP = NO;
				DEBUG_INFORMATION_FORMAT = "dwarf-with-dsym";
				ENABLE_NS_ASSERTIONS = NO;
				ENABLE_STRICT_OBJC_MSGSEND = YES;
				GCC_C_LANGUAGE_STANDARD = gnu11;
				GCC_NO_COMMON_BLOCKS = YES;
				GCC_WARN_64_TO_32_BIT_CONVERSION = YES;
				GCC_WARN_ABOUT_RETURN_TYPE = YES_ERROR;
				GCC_WARN_UNDECLARED_SELECTOR = YES;
				GCC_WARN_UNINITIALIZED_AUTOS = YES_AGGRESSIVE;
				GCC_WARN_UNUSED_FUNCTION = YES;
				GCC_WARN_UNUSED_VARIABLE = YES;
				IPHONEOS_DEPLOYMENT_TARGET = 13.4;
				MTL_ENABLE_DEBUG_INFO = NO;
				MTL_FAST_MATH = YES;
				SDKROOT = iphoneos;
				SWIFT_COMPILATION_MODE = wholemodule;
				SWIFT_OPTIMIZATION_LEVEL = "-O";
				VALIDATE_PRODUCT = YES;
			};
			name = Release;
		};
		B725C24B24768331000811C5 /* Debug */ = {
			isa = XCBuildConfiguration;
			baseConfigurationReference = C7037A2A4316CFAC5ABB84AD /* Pods-Capstone.debug.xcconfig */;
			buildSettings = {
				ASSETCATALOG_COMPILER_APPICON_NAME = AppIcon;
				CODE_SIGN_STYLE = Automatic;
				DEVELOPMENT_TEAM = WDT827LK75;
				INFOPLIST_FILE = Capstone/Info.plist;
				LD_RUNPATH_SEARCH_PATHS = (
					"$(inherited)",
					"@executable_path/Frameworks",
				);
				PRODUCT_BUNDLE_IDENTIFIER = com.Amy.Capstone;
				PRODUCT_NAME = "$(TARGET_NAME)";
				SWIFT_VERSION = 5.0;
				TARGETED_DEVICE_FAMILY = "1,2";
			};
			name = Debug;
		};
		B725C24C24768331000811C5 /* Release */ = {
			isa = XCBuildConfiguration;
			baseConfigurationReference = 0B21D1AA2CAE8320224A17FD /* Pods-Capstone.release.xcconfig */;
			buildSettings = {
				ASSETCATALOG_COMPILER_APPICON_NAME = AppIcon;
				CODE_SIGN_STYLE = Automatic;
				DEVELOPMENT_TEAM = WDT827LK75;
				INFOPLIST_FILE = Capstone/Info.plist;
				LD_RUNPATH_SEARCH_PATHS = (
					"$(inherited)",
					"@executable_path/Frameworks",
				);
				PRODUCT_BUNDLE_IDENTIFIER = com.Amy.Capstone;
				PRODUCT_NAME = "$(TARGET_NAME)";
				SWIFT_VERSION = 5.0;
				TARGETED_DEVICE_FAMILY = "1,2";
			};
			name = Release;
		};
/* End XCBuildConfiguration section */

/* Begin XCConfigurationList section */
		B725C2312476832F000811C5 /* Build configuration list for PBXProject "Capstone" */ = {
			isa = XCConfigurationList;
			buildConfigurations = (
				B725C24824768331000811C5 /* Debug */,
				B725C24924768331000811C5 /* Release */,
			);
			defaultConfigurationIsVisible = 0;
			defaultConfigurationName = Release;
		};
		B725C24A24768331000811C5 /* Build configuration list for PBXNativeTarget "Capstone" */ = {
			isa = XCConfigurationList;
			buildConfigurations = (
				B725C24B24768331000811C5 /* Debug */,
				B725C24C24768331000811C5 /* Release */,
			);
			defaultConfigurationIsVisible = 0;
			defaultConfigurationName = Release;
		};
/* End XCConfigurationList section */
	};
	rootObject = B725C22E2476832F000811C5 /* Project object */;
}
